
Microsoft Visual Studio Solution File, Format Version 12.00
# Visual Studio Version 16
VisualStudioVersion = 16.0.30611.23
MinimumVisualStudioVersion = 10.0.40219.1
Project("{FAE04EC0-301F-11D3-BF4B-00C04F79EFBC}") = "Zmiana_Zakotwiczenia", "Zmiana_Zakotwiczenia\Zmiana_Zakotwiczenia.csproj", "{9A6FAB07-FEAA-46B2-A1B8-A54153570AB4}"
EndProject
Global
	GlobalSection(SolutionConfigurationPlatforms) = preSolution
		Debug|Any CPU = Debug|Any CPU
		Release|Any CPU = Release|Any CPU
	EndGlobalSection
	GlobalSection(ProjectConfigurationPlatforms) = postSolution
		{9A6FAB07-FEAA-46B2-A1B8-A54153570AB4}.Debug|Any CPU.ActiveCfg = Debug|Any CPU
		{9A6FAB07-FEAA-46B2-A1B8-A54153570AB4}.Debug|Any CPU.Build.0 = Debug|Any CPU
		{9A6FAB07-FEAA-46B2-A1B8-A54153570AB4}.Release|Any CPU.ActiveCfg = Release|Any CPU
		{9A6FAB07-FEAA-46B2-A1B8-A54153570AB4}.Release|Any CPU.Build.0 = Release|Any CPU
	EndGlobalSection
	GlobalSection(SolutionProperties) = preSolution
		HideSolutionNode = FALSE
	EndGlobalSection
	GlobalSection(ExtensibilityGlobals) = postSolution
		SolutionGuid = {D686C6C3-B3E9-4A14-98AF-B0409799433A}
	EndGlobalSection
EndGlobal
