
Microsoft Visual Studio Solution File, Format Version 12.00
# Visual Studio Version 16
VisualStudioVersion = 16.0.30621.155
MinimumVisualStudioVersion = 10.0.40219.1
Project("{9A19103F-16F7-4668-BE54-9A1E7A4F7556}") = "kopiowanie", "kopiowanie\kopiowanie\kopiowanie.csproj", "{67EAB2E2-44D5-4EB2-8A69-CA64C6F86125}"
EndProject
Project("{9A19103F-16F7-4668-BE54-9A1E7A4F7556}") = "hexdump", "hexdump\hexdump\hexdump.csproj", "{05731940-87AE-4AE8-8E20-068EA7031169}"
EndProject
Project("{9A19103F-16F7-4668-BE54-9A1E7A4F7556}") = "Gra_Przygodowa_poprwiony", "Gra_Przygodowa_poprwiony\Gra_Przygodowa_poprwiony\Gra_Przygodowa_poprwiony.csproj", "{46FD38CD-5325-47E1-9297-E9A67DDC2938}"
EndProject
Project("{9A19103F-16F7-4668-BE54-9A1E7A4F7556}") = "Zapis_odczyt_binarny", "Zapis_odczyt_binarny\Zapis_odczyt_binarny\Zapis_odczyt_binarny.csproj", "{A1A78A88-E5F7-490D-8615-87026E0D6C59}"
EndProject
Project("{9A19103F-16F7-4668-BE54-9A1E7A4F7556}") = "Kodowanie_znakow", "Kodowanie_znakow\Kodowanie_znakow\Kodowanie_znakow.csproj", "{E9EEDF0F-88E0-4ABA-BFF7-F9E7734F138D}"
EndProject
Project("{9A19103F-16F7-4668-BE54-9A1E7A4F7556}") = "Serializacja_Do_Pliku", "Serializacja_Do_Pliku\Serializacja_Do_Pliku\Serializacja_Do_Pliku.csproj", "{793AFE8F-10E3-4C7C-A96E-BD73377DB346}"
EndProject
Project("{9A19103F-16F7-4668-BE54-9A1E7A4F7556}") = "Wymowki", "Wymowki\Wymowki\Wymowki.csproj", "{34986035-435C-45EA-9A46-D7151156EB60}"
EndProject
Project("{9A19103F-16F7-4668-BE54-9A1E7A4F7556}") = "Strumienie_plików", "Strumienie_plików\Strumienie_plików\Strumienie_plików.csproj", "{80947341-EB05-4CD8-9805-EC2191F51D57}"
EndProject
Project("{9A19103F-16F7-4668-BE54-9A1E7A4F7556}") = "Okno_dialogowe", "Okno_dialogowe\Okno_dialogowe\Okno_dialogowe.csproj", "{86497821-9BF0-4E5C-BBE3-30FA823DF192}"
EndProject
Project("{9A19103F-16F7-4668-BE54-9A1E7A4F7556}") = "filestream", "FileStream\FileStream\filestream.csproj", "{5FB1898D-4FC1-4397-9FC0-5B0BF9352CCA}"
EndProject
Project("{9A19103F-16F7-4668-BE54-9A1E7A4F7556}") = "LumberJack", "LumberJack\LumberJack\LumberJack.csproj", "{430AA9AA-E4F5-487B-973C-EAE6A354550D}"
EndProject
Project("{9A19103F-16F7-4668-BE54-9A1E7A4F7556}") = "Kolekcje", "Kolekcje\Kolekcje\Kolekcje.csproj", "{C02D83EE-4473-4163-A0AD-888616BB085E}"
EndProject
Project("{9A19103F-16F7-4668-BE54-9A1E7A4F7556}") = "Idz_na_ryby", "Idz_na_ryby\Idz_na_ryby\Idz_na_ryby.csproj", "{3C185F07-CA12-46A2-B10E-36E2688CF1E3}"
EndProject
Project("{9A19103F-16F7-4668-BE54-9A1E7A4F7556}") = "Gra_Karciana", "Gra_Karciana\Gra_Karciana\Gra_Karciana.csproj", "{DF585A51-2367-4A30-BEE3-A07BE0798305}"
EndProject
Project("{9A19103F-16F7-4668-BE54-9A1E7A4F7556}") = "Talia_Kart", "Talia_Kart\Talia_Kart\Talia_Kart.csproj", "{B44023E3-E9B4-43D6-9634-02F4EA68B7D0}"
EndProject
Project("{9A19103F-16F7-4668-BE54-9A1E7A4F7556}") = "Lista_butów", "Lista_butów\Lista_butów\Lista_butów.csproj", "{EF7D1131-79E6-4771-AD93-4603D7C145D8}"
EndProject
Project("{9A19103F-16F7-4668-BE54-9A1E7A4F7556}") = "Pola_Wyliczeniowe", "Pola_Wyliczeniowe\Pola_Wyliczeniowe\Pola_Wyliczeniowe.csproj", "{E566E6F6-F528-4C20-92F4-05B5FA6D50BC}"
EndProject
Project("{9A19103F-16F7-4668-BE54-9A1E7A4F7556}") = "Moj_Nowy_Dom", "Moj_Nowy_Dom\Moj_Nowy_Dom\Moj_Nowy_Dom.csproj", "{E6692391-9D3C-427E-B8E1-F397EA912A7C}"
EndProject
Project("{9A19103F-16F7-4668-BE54-9A1E7A4F7556}") = "PlanetMission", "PlanetMission\PlanetMission\PlanetMission.csproj", "{BA1A18AC-CC20-4B17-9F69-94DEF0D14BD2}"
EndProject
Project("{9A19103F-16F7-4668-BE54-9A1E7A4F7556}") = "Księgarnia", "Księgarnia\Księgarnia\Księgarnia.csproj", "{561BD33F-9A06-473E-ADFD-A4AE0FA8D841}"
EndProject
Project("{9A19103F-16F7-4668-BE54-9A1E7A4F7556}") = "Urządzenia_Elektryczne", "Urządzenia_Elektryczne\Urządzenia_Elektryczne\Urządzenia_Elektryczne.csproj", "{8E4F79D0-5776-432F-A4EC-973C0DF5B388}"
EndProject
Project("{9A19103F-16F7-4668-BE54-9A1E7A4F7556}") = "Cyrk_Interfacy", "Cyrk_Interfacy\Cyrk_Interfacy\Cyrk_Interfacy.csproj", "{74768277-3EEC-4A02-B7BA-9757D87228CF}"
EndProject
Project("{9A19103F-16F7-4668-BE54-9A1E7A4F7556}") = "Interfejsy_UL", "Interfejsy_UL\Interfejsy_UL\Interfejsy_UL.csproj", "{33877882-E6FD-4224-AAB3-F12F31AFE42E}"
EndProject
Project("{9A19103F-16F7-4668-BE54-9A1E7A4F7556}") = "Dziedziczenie_Ul", "Dziedziczenie_Ul\Dziedziczenie_Ul\Dziedziczenie_Ul.csproj", "{EDF5F386-EC35-4AD5-A4A1-E125AA869413}"
EndProject
Project("{9A19103F-16F7-4668-BE54-9A1E7A4F7556}") = "Dzidziczenie_rozdzial6", "Dzidziczenie_rozdzial6\Dzidziczenie_rozdzial6\Dzidziczenie_rozdzial6.csproj", "{65705554-0339-435B-A621-D0A8BD030414}"
EndProject
Project("{9A19103F-16F7-4668-BE54-9A1E7A4F7556}") = "Jubiler_i_zlodziej", "Jubiler_i_zlodziej\Jubiler_i_zlodziej\Jubiler_i_zlodziej.csproj", "{82E15045-A36A-429D-B369-5295B8EC8666}"
EndProject
Project("{9A19103F-16F7-4668-BE54-9A1E7A4F7556}") = "ZOO", "ZOO\ZOO\ZOO.csproj", "{54C299C2-BA6B-4AF6-8178-91BAA31E5E8D}"
EndProject
Project("{9A19103F-16F7-4668-BE54-9A1E7A4F7556}") = "HermetyzacjaFarma", "HermetyzacjaFarma\HermetyzacjaFarma\HermetyzacjaFarma.csproj", "{99523E02-4C59-4011-A67C-E77F2222A7AA}"
EndProject
Project("{9A19103F-16F7-4668-BE54-9A1E7A4F7556}") = "KodAgent", "KodAgent\KodAgent\KodAgent.csproj", "{5BEFB6D4-46DE-4FF5-BBCF-00B24D6A478B}"
EndProject
Project("{9A19103F-16F7-4668-BE54-9A1E7A4F7556}") = "Planowanie_przyjęcia", "Planowanie_przyjęcia\Planowanie_przyjęcia\Planowanie_przyjęcia.csproj", "{8C433A54-1739-44D2-A502-10178FA12C4C}"
EndProject
Project("{9A19103F-16F7-4668-BE54-9A1E7A4F7556}") = "zakład_buchmakerski", "zakład_buchmakerski\zakład_buchmakerski\zakład_buchmakerski.csproj", "{0F98B46D-6963-4374-A6F7-DEA99061EBD4}"
EndProject
Project("{9A19103F-16F7-4668-BE54-9A1E7A4F7556}") = "Wyścig", "Wyścig\Wyścig\Wyścig.csproj", "{0425753D-C373-4A9A-A98D-FFF26FEA5F06}"
EndProject
Project("{9A19103F-16F7-4668-BE54-9A1E7A4F7556}") = "Klikacz", "Klikacz\Klikacz\Klikacz.csproj", "{F8184D5E-BAA7-49EE-97A7-B54DFED826AA}"
EndProject
Project("{9A19103F-16F7-4668-BE54-9A1E7A4F7556}") = "Tablice", "Tablice\Tablice\Tablice.csproj", "{92560F7C-9F80-4F7E-B6EC-86C7D6A82DF1}"
EndProject
Project("{9A19103F-16F7-4668-BE54-9A1E7A4F7556}") = "Elephant", "Elephant\Elephant\Elephant.csproj", "{6839D8E7-5AD1-45AB-9163-4B07AAD71E68}"
EndProject
Project("{9A19103F-16F7-4668-BE54-9A1E7A4F7556}") = "Rachunki_za_paliwo", "Rachunki_za_paliwo\Rachunki_za_paliwo\Rachunki_za_paliwo.csproj", "{6E6411D5-7FAA-476A-BABA-FB817BE24966}"
EndProject
Project("{9A19103F-16F7-4668-BE54-9A1E7A4F7556}") = "Banking", "Banking\Banking\Banking.csproj", "{DC455E1A-3B69-4FF7-8797-B8BF1984DF88}"
EndProject
Project("{9A19103F-16F7-4668-BE54-9A1E7A4F7556}") = "Fabryka_batonow", "Fabryka_batonow\Fabryka_batonow\Fabryka_batonow.csproj", "{A36D1A39-081C-4570-AA14-1080A570B614}"
EndProject
Project("{9A19103F-16F7-4668-BE54-9A1E7A4F7556}") = "Klauny", "Klauny\Klauny\Klauny.csproj", "{21CE9FFF-B9F4-49A5-A096-413F68C47B86}"
EndProject
Project("{9A19103F-16F7-4668-BE54-9A1E7A4F7556}") = "Navigator", "Navigator\Navigator\Navigator.csproj", "{85A13796-B72C-4735-B545-6E068486D841}"
EndProject
Project("{9A19103F-16F7-4668-BE54-9A1E7A4F7556}") = "Powtarzanie_slow", "Powtarzanie_slow\Powtarzanie_slow\Powtarzanie_slow.csproj", "{9D0864DB-69B9-4E4B-95C3-2AECDE5FB701}"
EndProject
Project("{9A19103F-16F7-4668-BE54-9A1E7A4F7556}") = "Diaboliczne_kolory", "Diaboliczne_kolory\Diaboliczne_kolory\Diaboliczne_kolory.csproj", "{596EEA84-5324-4627-A310-E34AD35C8CE1}"
EndProject
Project("{9A19103F-16F7-4668-BE54-9A1E7A4F7556}") = "Popup_i_zakotwiczenie_WFApp", "Popup_i_zakotwiczenie_WFApp\Popup_i_zakotwiczenie_WFApp\Popup_i_zakotwiczenie_WFApp.csproj", "{C55BE5A6-289B-44E3-9BDE-B86356D182F3}"
EndProject
Project("{9A19103F-16F7-4668-BE54-9A1E7A4F7556}") = "Wlasna_apka_xaml", "Wlasna_apka_xaml\Wlasna_apka_xaml\Wlasna_apka_xaml.csproj", "{ACDF2F17-400C-4442-8097-7C0C518C7EF9}"
EndProject
Project("{FAE04EC0-301F-11D3-BF4B-00C04F79EFBC}") = "TenObcy", "Obcy_Atakują_C#\TenObcy\TenObcy\TenObcy.csproj", "{479ABBF5-6381-4DF6-B99E-42D13414B138}"
EndProject
Project("{FAE04EC0-301F-11D3-BF4B-00C04F79EFBC}") = "Idz_na_ryby_WPF", "Idz_na_ryby_WPF\Idz_na_ryby_WPF\Idz_na_ryby_WPF.csproj", "{B237B5F3-FFFD-484A-9717-9357058182AE}"
EndProject
Project("{FAE04EC0-301F-11D3-BF4B-00C04F79EFBC}") = "Dostep_asynch", "Dostep_asynch\Dostep_asynch\Dostep_asynch.csproj", "{3B67B3B6-2407-4C54-84D6-BC7689E791BC}"
EndProject
Global
	GlobalSection(SolutionConfigurationPlatforms) = preSolution
		Debug|Any CPU = Debug|Any CPU
		Debug|ARM = Debug|ARM
		Debug|ARM64 = Debug|ARM64
		Debug|x64 = Debug|x64
		Debug|x86 = Debug|x86
		Release|Any CPU = Release|Any CPU
		Release|ARM = Release|ARM
		Release|ARM64 = Release|ARM64
		Release|x64 = Release|x64
		Release|x86 = Release|x86
	EndGlobalSection
	GlobalSection(ProjectConfigurationPlatforms) = postSolution
		{67EAB2E2-44D5-4EB2-8A69-CA64C6F86125}.Debug|Any CPU.ActiveCfg = Debug|Any CPU
		{67EAB2E2-44D5-4EB2-8A69-CA64C6F86125}.Debug|Any CPU.Build.0 = Debug|Any CPU
		{67EAB2E2-44D5-4EB2-8A69-CA64C6F86125}.Debug|ARM.ActiveCfg = Debug|Any CPU
		{67EAB2E2-44D5-4EB2-8A69-CA64C6F86125}.Debug|ARM.Build.0 = Debug|Any CPU
		{67EAB2E2-44D5-4EB2-8A69-CA64C6F86125}.Debug|ARM64.ActiveCfg = Debug|Any CPU
		{67EAB2E2-44D5-4EB2-8A69-CA64C6F86125}.Debug|ARM64.Build.0 = Debug|Any CPU
		{67EAB2E2-44D5-4EB2-8A69-CA64C6F86125}.Debug|x64.ActiveCfg = Debug|Any CPU
		{67EAB2E2-44D5-4EB2-8A69-CA64C6F86125}.Debug|x64.Build.0 = Debug|Any CPU
		{67EAB2E2-44D5-4EB2-8A69-CA64C6F86125}.Debug|x86.ActiveCfg = Debug|Any CPU
		{67EAB2E2-44D5-4EB2-8A69-CA64C6F86125}.Debug|x86.Build.0 = Debug|Any CPU
		{67EAB2E2-44D5-4EB2-8A69-CA64C6F86125}.Release|Any CPU.ActiveCfg = Release|Any CPU
		{67EAB2E2-44D5-4EB2-8A69-CA64C6F86125}.Release|Any CPU.Build.0 = Release|Any CPU
		{67EAB2E2-44D5-4EB2-8A69-CA64C6F86125}.Release|ARM.ActiveCfg = Release|Any CPU
		{67EAB2E2-44D5-4EB2-8A69-CA64C6F86125}.Release|ARM.Build.0 = Release|Any CPU
		{67EAB2E2-44D5-4EB2-8A69-CA64C6F86125}.Release|ARM64.ActiveCfg = Release|Any CPU
		{67EAB2E2-44D5-4EB2-8A69-CA64C6F86125}.Release|ARM64.Build.0 = Release|Any CPU
		{67EAB2E2-44D5-4EB2-8A69-CA64C6F86125}.Release|x64.ActiveCfg = Release|Any CPU
		{67EAB2E2-44D5-4EB2-8A69-CA64C6F86125}.Release|x64.Build.0 = Release|Any CPU
		{67EAB2E2-44D5-4EB2-8A69-CA64C6F86125}.Release|x86.ActiveCfg = Release|Any CPU
		{67EAB2E2-44D5-4EB2-8A69-CA64C6F86125}.Release|x86.Build.0 = Release|Any CPU
		{05731940-87AE-4AE8-8E20-068EA7031169}.Debug|Any CPU.ActiveCfg = Debug|Any CPU
		{05731940-87AE-4AE8-8E20-068EA7031169}.Debug|Any CPU.Build.0 = Debug|Any CPU
		{05731940-87AE-4AE8-8E20-068EA7031169}.Debug|ARM.ActiveCfg = Debug|Any CPU
		{05731940-87AE-4AE8-8E20-068EA7031169}.Debug|ARM.Build.0 = Debug|Any CPU
		{05731940-87AE-4AE8-8E20-068EA7031169}.Debug|ARM64.ActiveCfg = Debug|Any CPU
		{05731940-87AE-4AE8-8E20-068EA7031169}.Debug|ARM64.Build.0 = Debug|Any CPU
		{05731940-87AE-4AE8-8E20-068EA7031169}.Debug|x64.ActiveCfg = Debug|Any CPU
		{05731940-87AE-4AE8-8E20-068EA7031169}.Debug|x64.Build.0 = Debug|Any CPU
		{05731940-87AE-4AE8-8E20-068EA7031169}.Debug|x86.ActiveCfg = Debug|Any CPU
		{05731940-87AE-4AE8-8E20-068EA7031169}.Debug|x86.Build.0 = Debug|Any CPU
		{05731940-87AE-4AE8-8E20-068EA7031169}.Release|Any CPU.ActiveCfg = Release|Any CPU
		{05731940-87AE-4AE8-8E20-068EA7031169}.Release|Any CPU.Build.0 = Release|Any CPU
		{05731940-87AE-4AE8-8E20-068EA7031169}.Release|ARM.ActiveCfg = Release|Any CPU
		{05731940-87AE-4AE8-8E20-068EA7031169}.Release|ARM.Build.0 = Release|Any CPU
		{05731940-87AE-4AE8-8E20-068EA7031169}.Release|ARM64.ActiveCfg = Release|Any CPU
		{05731940-87AE-4AE8-8E20-068EA7031169}.Release|ARM64.Build.0 = Release|Any CPU
		{05731940-87AE-4AE8-8E20-068EA7031169}.Release|x64.ActiveCfg = Release|Any CPU
		{05731940-87AE-4AE8-8E20-068EA7031169}.Release|x64.Build.0 = Release|Any CPU
		{05731940-87AE-4AE8-8E20-068EA7031169}.Release|x86.ActiveCfg = Release|Any CPU
		{05731940-87AE-4AE8-8E20-068EA7031169}.Release|x86.Build.0 = Release|Any CPU
		{46FD38CD-5325-47E1-9297-E9A67DDC2938}.Debug|Any CPU.ActiveCfg = Debug|Any CPU
		{46FD38CD-5325-47E1-9297-E9A67DDC2938}.Debug|Any CPU.Build.0 = Debug|Any CPU
		{46FD38CD-5325-47E1-9297-E9A67DDC2938}.Debug|ARM.ActiveCfg = Debug|Any CPU
		{46FD38CD-5325-47E1-9297-E9A67DDC2938}.Debug|ARM.Build.0 = Debug|Any CPU
		{46FD38CD-5325-47E1-9297-E9A67DDC2938}.Debug|ARM64.ActiveCfg = Debug|Any CPU
		{46FD38CD-5325-47E1-9297-E9A67DDC2938}.Debug|ARM64.Build.0 = Debug|Any CPU
		{46FD38CD-5325-47E1-9297-E9A67DDC2938}.Debug|x64.ActiveCfg = Debug|Any CPU
		{46FD38CD-5325-47E1-9297-E9A67DDC2938}.Debug|x64.Build.0 = Debug|Any CPU
		{46FD38CD-5325-47E1-9297-E9A67DDC2938}.Debug|x86.ActiveCfg = Debug|Any CPU
		{46FD38CD-5325-47E1-9297-E9A67DDC2938}.Debug|x86.Build.0 = Debug|Any CPU
		{46FD38CD-5325-47E1-9297-E9A67DDC2938}.Release|Any CPU.ActiveCfg = Release|Any CPU
		{46FD38CD-5325-47E1-9297-E9A67DDC2938}.Release|Any CPU.Build.0 = Release|Any CPU
		{46FD38CD-5325-47E1-9297-E9A67DDC2938}.Release|ARM.ActiveCfg = Release|Any CPU
		{46FD38CD-5325-47E1-9297-E9A67DDC2938}.Release|ARM.Build.0 = Release|Any CPU
		{46FD38CD-5325-47E1-9297-E9A67DDC2938}.Release|ARM64.ActiveCfg = Release|Any CPU
		{46FD38CD-5325-47E1-9297-E9A67DDC2938}.Release|ARM64.Build.0 = Release|Any CPU
		{46FD38CD-5325-47E1-9297-E9A67DDC2938}.Release|x64.ActiveCfg = Release|Any CPU
		{46FD38CD-5325-47E1-9297-E9A67DDC2938}.Release|x64.Build.0 = Release|Any CPU
		{46FD38CD-5325-47E1-9297-E9A67DDC2938}.Release|x86.ActiveCfg = Release|Any CPU
		{46FD38CD-5325-47E1-9297-E9A67DDC2938}.Release|x86.Build.0 = Release|Any CPU
		{A1A78A88-E5F7-490D-8615-87026E0D6C59}.Debug|Any CPU.ActiveCfg = Debug|Any CPU
		{A1A78A88-E5F7-490D-8615-87026E0D6C59}.Debug|Any CPU.Build.0 = Debug|Any CPU
		{A1A78A88-E5F7-490D-8615-87026E0D6C59}.Debug|ARM.ActiveCfg = Debug|Any CPU
		{A1A78A88-E5F7-490D-8615-87026E0D6C59}.Debug|ARM.Build.0 = Debug|Any CPU
		{A1A78A88-E5F7-490D-8615-87026E0D6C59}.Debug|ARM64.ActiveCfg = Debug|Any CPU
		{A1A78A88-E5F7-490D-8615-87026E0D6C59}.Debug|ARM64.Build.0 = Debug|Any CPU
		{A1A78A88-E5F7-490D-8615-87026E0D6C59}.Debug|x64.ActiveCfg = Debug|Any CPU
		{A1A78A88-E5F7-490D-8615-87026E0D6C59}.Debug|x64.Build.0 = Debug|Any CPU
		{A1A78A88-E5F7-490D-8615-87026E0D6C59}.Debug|x86.ActiveCfg = Debug|Any CPU
		{A1A78A88-E5F7-490D-8615-87026E0D6C59}.Debug|x86.Build.0 = Debug|Any CPU
		{A1A78A88-E5F7-490D-8615-87026E0D6C59}.Release|Any CPU.ActiveCfg = Release|Any CPU
		{A1A78A88-E5F7-490D-8615-87026E0D6C59}.Release|Any CPU.Build.0 = Release|Any CPU
		{A1A78A88-E5F7-490D-8615-87026E0D6C59}.Release|ARM.ActiveCfg = Release|Any CPU
		{A1A78A88-E5F7-490D-8615-87026E0D6C59}.Release|ARM.Build.0 = Release|Any CPU
		{A1A78A88-E5F7-490D-8615-87026E0D6C59}.Release|ARM64.ActiveCfg = Release|Any CPU
		{A1A78A88-E5F7-490D-8615-87026E0D6C59}.Release|ARM64.Build.0 = Release|Any CPU
		{A1A78A88-E5F7-490D-8615-87026E0D6C59}.Release|x64.ActiveCfg = Release|Any CPU
		{A1A78A88-E5F7-490D-8615-87026E0D6C59}.Release|x64.Build.0 = Release|Any CPU
		{A1A78A88-E5F7-490D-8615-87026E0D6C59}.Release|x86.ActiveCfg = Release|Any CPU
		{A1A78A88-E5F7-490D-8615-87026E0D6C59}.Release|x86.Build.0 = Release|Any CPU
		{E9EEDF0F-88E0-4ABA-BFF7-F9E7734F138D}.Debug|Any CPU.ActiveCfg = Debug|Any CPU
		{E9EEDF0F-88E0-4ABA-BFF7-F9E7734F138D}.Debug|Any CPU.Build.0 = Debug|Any CPU
		{E9EEDF0F-88E0-4ABA-BFF7-F9E7734F138D}.Debug|ARM.ActiveCfg = Debug|Any CPU
		{E9EEDF0F-88E0-4ABA-BFF7-F9E7734F138D}.Debug|ARM.Build.0 = Debug|Any CPU
		{E9EEDF0F-88E0-4ABA-BFF7-F9E7734F138D}.Debug|ARM64.ActiveCfg = Debug|Any CPU
		{E9EEDF0F-88E0-4ABA-BFF7-F9E7734F138D}.Debug|ARM64.Build.0 = Debug|Any CPU
		{E9EEDF0F-88E0-4ABA-BFF7-F9E7734F138D}.Debug|x64.ActiveCfg = Debug|Any CPU
		{E9EEDF0F-88E0-4ABA-BFF7-F9E7734F138D}.Debug|x64.Build.0 = Debug|Any CPU
		{E9EEDF0F-88E0-4ABA-BFF7-F9E7734F138D}.Debug|x86.ActiveCfg = Debug|Any CPU
		{E9EEDF0F-88E0-4ABA-BFF7-F9E7734F138D}.Debug|x86.Build.0 = Debug|Any CPU
		{E9EEDF0F-88E0-4ABA-BFF7-F9E7734F138D}.Release|Any CPU.ActiveCfg = Release|Any CPU
		{E9EEDF0F-88E0-4ABA-BFF7-F9E7734F138D}.Release|Any CPU.Build.0 = Release|Any CPU
		{E9EEDF0F-88E0-4ABA-BFF7-F9E7734F138D}.Release|ARM.ActiveCfg = Release|Any CPU
		{E9EEDF0F-88E0-4ABA-BFF7-F9E7734F138D}.Release|ARM.Build.0 = Release|Any CPU
		{E9EEDF0F-88E0-4ABA-BFF7-F9E7734F138D}.Release|ARM64.ActiveCfg = Release|Any CPU
		{E9EEDF0F-88E0-4ABA-BFF7-F9E7734F138D}.Release|ARM64.Build.0 = Release|Any CPU
		{E9EEDF0F-88E0-4ABA-BFF7-F9E7734F138D}.Release|x64.ActiveCfg = Release|Any CPU
		{E9EEDF0F-88E0-4ABA-BFF7-F9E7734F138D}.Release|x64.Build.0 = Release|Any CPU
		{E9EEDF0F-88E0-4ABA-BFF7-F9E7734F138D}.Release|x86.ActiveCfg = Release|Any CPU
		{E9EEDF0F-88E0-4ABA-BFF7-F9E7734F138D}.Release|x86.Build.0 = Release|Any CPU
		{793AFE8F-10E3-4C7C-A96E-BD73377DB346}.Debug|Any CPU.ActiveCfg = Debug|Any CPU
		{793AFE8F-10E3-4C7C-A96E-BD73377DB346}.Debug|Any CPU.Build.0 = Debug|Any CPU
		{793AFE8F-10E3-4C7C-A96E-BD73377DB346}.Debug|ARM.ActiveCfg = Debug|Any CPU
		{793AFE8F-10E3-4C7C-A96E-BD73377DB346}.Debug|ARM.Build.0 = Debug|Any CPU
		{793AFE8F-10E3-4C7C-A96E-BD73377DB346}.Debug|ARM64.ActiveCfg = Debug|Any CPU
		{793AFE8F-10E3-4C7C-A96E-BD73377DB346}.Debug|ARM64.Build.0 = Debug|Any CPU
		{793AFE8F-10E3-4C7C-A96E-BD73377DB346}.Debug|x64.ActiveCfg = Debug|Any CPU
		{793AFE8F-10E3-4C7C-A96E-BD73377DB346}.Debug|x64.Build.0 = Debug|Any CPU
		{793AFE8F-10E3-4C7C-A96E-BD73377DB346}.Debug|x86.ActiveCfg = Debug|Any CPU
		{793AFE8F-10E3-4C7C-A96E-BD73377DB346}.Debug|x86.Build.0 = Debug|Any CPU
		{793AFE8F-10E3-4C7C-A96E-BD73377DB346}.Release|Any CPU.ActiveCfg = Release|Any CPU
		{793AFE8F-10E3-4C7C-A96E-BD73377DB346}.Release|Any CPU.Build.0 = Release|Any CPU
		{793AFE8F-10E3-4C7C-A96E-BD73377DB346}.Release|ARM.ActiveCfg = Release|Any CPU
		{793AFE8F-10E3-4C7C-A96E-BD73377DB346}.Release|ARM.Build.0 = Release|Any CPU
		{793AFE8F-10E3-4C7C-A96E-BD73377DB346}.Release|ARM64.ActiveCfg = Release|Any CPU
		{793AFE8F-10E3-4C7C-A96E-BD73377DB346}.Release|ARM64.Build.0 = Release|Any CPU
		{793AFE8F-10E3-4C7C-A96E-BD73377DB346}.Release|x64.ActiveCfg = Release|Any CPU
		{793AFE8F-10E3-4C7C-A96E-BD73377DB346}.Release|x64.Build.0 = Release|Any CPU
		{793AFE8F-10E3-4C7C-A96E-BD73377DB346}.Release|x86.ActiveCfg = Release|Any CPU
		{793AFE8F-10E3-4C7C-A96E-BD73377DB346}.Release|x86.Build.0 = Release|Any CPU
		{34986035-435C-45EA-9A46-D7151156EB60}.Debug|Any CPU.ActiveCfg = Debug|Any CPU
		{34986035-435C-45EA-9A46-D7151156EB60}.Debug|Any CPU.Build.0 = Debug|Any CPU
		{34986035-435C-45EA-9A46-D7151156EB60}.Debug|ARM.ActiveCfg = Debug|Any CPU
		{34986035-435C-45EA-9A46-D7151156EB60}.Debug|ARM.Build.0 = Debug|Any CPU
		{34986035-435C-45EA-9A46-D7151156EB60}.Debug|ARM64.ActiveCfg = Debug|Any CPU
		{34986035-435C-45EA-9A46-D7151156EB60}.Debug|ARM64.Build.0 = Debug|Any CPU
		{34986035-435C-45EA-9A46-D7151156EB60}.Debug|x64.ActiveCfg = Debug|Any CPU
		{34986035-435C-45EA-9A46-D7151156EB60}.Debug|x64.Build.0 = Debug|Any CPU
		{34986035-435C-45EA-9A46-D7151156EB60}.Debug|x86.ActiveCfg = Debug|Any CPU
		{34986035-435C-45EA-9A46-D7151156EB60}.Debug|x86.Build.0 = Debug|Any CPU
		{34986035-435C-45EA-9A46-D7151156EB60}.Release|Any CPU.ActiveCfg = Release|Any CPU
		{34986035-435C-45EA-9A46-D7151156EB60}.Release|Any CPU.Build.0 = Release|Any CPU
		{34986035-435C-45EA-9A46-D7151156EB60}.Release|ARM.ActiveCfg = Release|Any CPU
		{34986035-435C-45EA-9A46-D7151156EB60}.Release|ARM.Build.0 = Release|Any CPU
		{34986035-435C-45EA-9A46-D7151156EB60}.Release|ARM64.ActiveCfg = Release|Any CPU
		{34986035-435C-45EA-9A46-D7151156EB60}.Release|ARM64.Build.0 = Release|Any CPU
		{34986035-435C-45EA-9A46-D7151156EB60}.Release|x64.ActiveCfg = Release|Any CPU
		{34986035-435C-45EA-9A46-D7151156EB60}.Release|x64.Build.0 = Release|Any CPU
		{34986035-435C-45EA-9A46-D7151156EB60}.Release|x86.ActiveCfg = Release|Any CPU
		{34986035-435C-45EA-9A46-D7151156EB60}.Release|x86.Build.0 = Release|Any CPU
		{80947341-EB05-4CD8-9805-EC2191F51D57}.Debug|Any CPU.ActiveCfg = Debug|Any CPU
		{80947341-EB05-4CD8-9805-EC2191F51D57}.Debug|Any CPU.Build.0 = Debug|Any CPU
		{80947341-EB05-4CD8-9805-EC2191F51D57}.Debug|ARM.ActiveCfg = Debug|Any CPU
		{80947341-EB05-4CD8-9805-EC2191F51D57}.Debug|ARM.Build.0 = Debug|Any CPU
		{80947341-EB05-4CD8-9805-EC2191F51D57}.Debug|ARM64.ActiveCfg = Debug|Any CPU
		{80947341-EB05-4CD8-9805-EC2191F51D57}.Debug|ARM64.Build.0 = Debug|Any CPU
		{80947341-EB05-4CD8-9805-EC2191F51D57}.Debug|x64.ActiveCfg = Debug|Any CPU
		{80947341-EB05-4CD8-9805-EC2191F51D57}.Debug|x64.Build.0 = Debug|Any CPU
		{80947341-EB05-4CD8-9805-EC2191F51D57}.Debug|x86.ActiveCfg = Debug|Any CPU
		{80947341-EB05-4CD8-9805-EC2191F51D57}.Debug|x86.Build.0 = Debug|Any CPU
		{80947341-EB05-4CD8-9805-EC2191F51D57}.Release|Any CPU.ActiveCfg = Release|Any CPU
		{80947341-EB05-4CD8-9805-EC2191F51D57}.Release|Any CPU.Build.0 = Release|Any CPU
		{80947341-EB05-4CD8-9805-EC2191F51D57}.Release|ARM.ActiveCfg = Release|Any CPU
		{80947341-EB05-4CD8-9805-EC2191F51D57}.Release|ARM.Build.0 = Release|Any CPU
		{80947341-EB05-4CD8-9805-EC2191F51D57}.Release|ARM64.ActiveCfg = Release|Any CPU
		{80947341-EB05-4CD8-9805-EC2191F51D57}.Release|ARM64.Build.0 = Release|Any CPU
		{80947341-EB05-4CD8-9805-EC2191F51D57}.Release|x64.ActiveCfg = Release|Any CPU
		{80947341-EB05-4CD8-9805-EC2191F51D57}.Release|x64.Build.0 = Release|Any CPU
		{80947341-EB05-4CD8-9805-EC2191F51D57}.Release|x86.ActiveCfg = Release|Any CPU
		{80947341-EB05-4CD8-9805-EC2191F51D57}.Release|x86.Build.0 = Release|Any CPU
		{86497821-9BF0-4E5C-BBE3-30FA823DF192}.Debug|Any CPU.ActiveCfg = Debug|Any CPU
		{86497821-9BF0-4E5C-BBE3-30FA823DF192}.Debug|Any CPU.Build.0 = Debug|Any CPU
		{86497821-9BF0-4E5C-BBE3-30FA823DF192}.Debug|ARM.ActiveCfg = Debug|Any CPU
		{86497821-9BF0-4E5C-BBE3-30FA823DF192}.Debug|ARM.Build.0 = Debug|Any CPU
		{86497821-9BF0-4E5C-BBE3-30FA823DF192}.Debug|ARM64.ActiveCfg = Debug|Any CPU
		{86497821-9BF0-4E5C-BBE3-30FA823DF192}.Debug|ARM64.Build.0 = Debug|Any CPU
		{86497821-9BF0-4E5C-BBE3-30FA823DF192}.Debug|x64.ActiveCfg = Debug|Any CPU
		{86497821-9BF0-4E5C-BBE3-30FA823DF192}.Debug|x64.Build.0 = Debug|Any CPU
		{86497821-9BF0-4E5C-BBE3-30FA823DF192}.Debug|x86.ActiveCfg = Debug|Any CPU
		{86497821-9BF0-4E5C-BBE3-30FA823DF192}.Debug|x86.Build.0 = Debug|Any CPU
		{86497821-9BF0-4E5C-BBE3-30FA823DF192}.Release|Any CPU.ActiveCfg = Release|Any CPU
		{86497821-9BF0-4E5C-BBE3-30FA823DF192}.Release|Any CPU.Build.0 = Release|Any CPU
		{86497821-9BF0-4E5C-BBE3-30FA823DF192}.Release|ARM.ActiveCfg = Release|Any CPU
		{86497821-9BF0-4E5C-BBE3-30FA823DF192}.Release|ARM.Build.0 = Release|Any CPU
		{86497821-9BF0-4E5C-BBE3-30FA823DF192}.Release|ARM64.ActiveCfg = Release|Any CPU
		{86497821-9BF0-4E5C-BBE3-30FA823DF192}.Release|ARM64.Build.0 = Release|Any CPU
		{86497821-9BF0-4E5C-BBE3-30FA823DF192}.Release|x64.ActiveCfg = Release|Any CPU
		{86497821-9BF0-4E5C-BBE3-30FA823DF192}.Release|x64.Build.0 = Release|Any CPU
		{86497821-9BF0-4E5C-BBE3-30FA823DF192}.Release|x86.ActiveCfg = Release|Any CPU
		{86497821-9BF0-4E5C-BBE3-30FA823DF192}.Release|x86.Build.0 = Release|Any CPU
		{5FB1898D-4FC1-4397-9FC0-5B0BF9352CCA}.Debug|Any CPU.ActiveCfg = Debug|Any CPU
		{5FB1898D-4FC1-4397-9FC0-5B0BF9352CCA}.Debug|Any CPU.Build.0 = Debug|Any CPU
		{5FB1898D-4FC1-4397-9FC0-5B0BF9352CCA}.Debug|ARM.ActiveCfg = Debug|Any CPU
		{5FB1898D-4FC1-4397-9FC0-5B0BF9352CCA}.Debug|ARM.Build.0 = Debug|Any CPU
		{5FB1898D-4FC1-4397-9FC0-5B0BF9352CCA}.Debug|ARM64.ActiveCfg = Debug|Any CPU
		{5FB1898D-4FC1-4397-9FC0-5B0BF9352CCA}.Debug|ARM64.Build.0 = Debug|Any CPU
		{5FB1898D-4FC1-4397-9FC0-5B0BF9352CCA}.Debug|x64.ActiveCfg = Debug|Any CPU
		{5FB1898D-4FC1-4397-9FC0-5B0BF9352CCA}.Debug|x64.Build.0 = Debug|Any CPU
		{5FB1898D-4FC1-4397-9FC0-5B0BF9352CCA}.Debug|x86.ActiveCfg = Debug|Any CPU
		{5FB1898D-4FC1-4397-9FC0-5B0BF9352CCA}.Debug|x86.Build.0 = Debug|Any CPU
		{5FB1898D-4FC1-4397-9FC0-5B0BF9352CCA}.Release|Any CPU.ActiveCfg = Release|Any CPU
		{5FB1898D-4FC1-4397-9FC0-5B0BF9352CCA}.Release|Any CPU.Build.0 = Release|Any CPU
		{5FB1898D-4FC1-4397-9FC0-5B0BF9352CCA}.Release|ARM.ActiveCfg = Release|Any CPU
		{5FB1898D-4FC1-4397-9FC0-5B0BF9352CCA}.Release|ARM.Build.0 = Release|Any CPU
		{5FB1898D-4FC1-4397-9FC0-5B0BF9352CCA}.Release|ARM64.ActiveCfg = Release|Any CPU
		{5FB1898D-4FC1-4397-9FC0-5B0BF9352CCA}.Release|ARM64.Build.0 = Release|Any CPU
		{5FB1898D-4FC1-4397-9FC0-5B0BF9352CCA}.Release|x64.ActiveCfg = Release|Any CPU
		{5FB1898D-4FC1-4397-9FC0-5B0BF9352CCA}.Release|x64.Build.0 = Release|Any CPU
		{5FB1898D-4FC1-4397-9FC0-5B0BF9352CCA}.Release|x86.ActiveCfg = Release|Any CPU
		{5FB1898D-4FC1-4397-9FC0-5B0BF9352CCA}.Release|x86.Build.0 = Release|Any CPU
		{430AA9AA-E4F5-487B-973C-EAE6A354550D}.Debug|Any CPU.ActiveCfg = Debug|Any CPU
		{430AA9AA-E4F5-487B-973C-EAE6A354550D}.Debug|Any CPU.Build.0 = Debug|Any CPU
		{430AA9AA-E4F5-487B-973C-EAE6A354550D}.Debug|ARM.ActiveCfg = Debug|Any CPU
		{430AA9AA-E4F5-487B-973C-EAE6A354550D}.Debug|ARM.Build.0 = Debug|Any CPU
		{430AA9AA-E4F5-487B-973C-EAE6A354550D}.Debug|ARM64.ActiveCfg = Debug|Any CPU
		{430AA9AA-E4F5-487B-973C-EAE6A354550D}.Debug|ARM64.Build.0 = Debug|Any CPU
		{430AA9AA-E4F5-487B-973C-EAE6A354550D}.Debug|x64.ActiveCfg = Debug|Any CPU
		{430AA9AA-E4F5-487B-973C-EAE6A354550D}.Debug|x64.Build.0 = Debug|Any CPU
		{430AA9AA-E4F5-487B-973C-EAE6A354550D}.Debug|x86.ActiveCfg = Debug|Any CPU
		{430AA9AA-E4F5-487B-973C-EAE6A354550D}.Debug|x86.Build.0 = Debug|Any CPU
		{430AA9AA-E4F5-487B-973C-EAE6A354550D}.Release|Any CPU.ActiveCfg = Release|Any CPU
		{430AA9AA-E4F5-487B-973C-EAE6A354550D}.Release|Any CPU.Build.0 = Release|Any CPU
		{430AA9AA-E4F5-487B-973C-EAE6A354550D}.Release|ARM.ActiveCfg = Release|Any CPU
		{430AA9AA-E4F5-487B-973C-EAE6A354550D}.Release|ARM.Build.0 = Release|Any CPU
		{430AA9AA-E4F5-487B-973C-EAE6A354550D}.Release|ARM64.ActiveCfg = Release|Any CPU
		{430AA9AA-E4F5-487B-973C-EAE6A354550D}.Release|ARM64.Build.0 = Release|Any CPU
		{430AA9AA-E4F5-487B-973C-EAE6A354550D}.Release|x64.ActiveCfg = Release|Any CPU
		{430AA9AA-E4F5-487B-973C-EAE6A354550D}.Release|x64.Build.0 = Release|Any CPU
		{430AA9AA-E4F5-487B-973C-EAE6A354550D}.Release|x86.ActiveCfg = Release|Any CPU
		{430AA9AA-E4F5-487B-973C-EAE6A354550D}.Release|x86.Build.0 = Release|Any CPU
		{C02D83EE-4473-4163-A0AD-888616BB085E}.Debug|Any CPU.ActiveCfg = Debug|Any CPU
		{C02D83EE-4473-4163-A0AD-888616BB085E}.Debug|Any CPU.Build.0 = Debug|Any CPU
		{C02D83EE-4473-4163-A0AD-888616BB085E}.Debug|ARM.ActiveCfg = Debug|Any CPU
		{C02D83EE-4473-4163-A0AD-888616BB085E}.Debug|ARM.Build.0 = Debug|Any CPU
		{C02D83EE-4473-4163-A0AD-888616BB085E}.Debug|ARM64.ActiveCfg = Debug|Any CPU
		{C02D83EE-4473-4163-A0AD-888616BB085E}.Debug|ARM64.Build.0 = Debug|Any CPU
		{C02D83EE-4473-4163-A0AD-888616BB085E}.Debug|x64.ActiveCfg = Debug|Any CPU
		{C02D83EE-4473-4163-A0AD-888616BB085E}.Debug|x64.Build.0 = Debug|Any CPU
		{C02D83EE-4473-4163-A0AD-888616BB085E}.Debug|x86.ActiveCfg = Debug|Any CPU
		{C02D83EE-4473-4163-A0AD-888616BB085E}.Debug|x86.Build.0 = Debug|Any CPU
		{C02D83EE-4473-4163-A0AD-888616BB085E}.Release|Any CPU.ActiveCfg = Release|Any CPU
		{C02D83EE-4473-4163-A0AD-888616BB085E}.Release|Any CPU.Build.0 = Release|Any CPU
		{C02D83EE-4473-4163-A0AD-888616BB085E}.Release|ARM.ActiveCfg = Release|Any CPU
		{C02D83EE-4473-4163-A0AD-888616BB085E}.Release|ARM.Build.0 = Release|Any CPU
		{C02D83EE-4473-4163-A0AD-888616BB085E}.Release|ARM64.ActiveCfg = Release|Any CPU
		{C02D83EE-4473-4163-A0AD-888616BB085E}.Release|ARM64.Build.0 = Release|Any CPU
		{C02D83EE-4473-4163-A0AD-888616BB085E}.Release|x64.ActiveCfg = Release|Any CPU
		{C02D83EE-4473-4163-A0AD-888616BB085E}.Release|x64.Build.0 = Release|Any CPU
		{C02D83EE-4473-4163-A0AD-888616BB085E}.Release|x86.ActiveCfg = Release|Any CPU
		{C02D83EE-4473-4163-A0AD-888616BB085E}.Release|x86.Build.0 = Release|Any CPU
		{3C185F07-CA12-46A2-B10E-36E2688CF1E3}.Debug|Any CPU.ActiveCfg = Debug|Any CPU
		{3C185F07-CA12-46A2-B10E-36E2688CF1E3}.Debug|Any CPU.Build.0 = Debug|Any CPU
		{3C185F07-CA12-46A2-B10E-36E2688CF1E3}.Debug|ARM.ActiveCfg = Debug|Any CPU
		{3C185F07-CA12-46A2-B10E-36E2688CF1E3}.Debug|ARM.Build.0 = Debug|Any CPU
		{3C185F07-CA12-46A2-B10E-36E2688CF1E3}.Debug|ARM64.ActiveCfg = Debug|Any CPU
		{3C185F07-CA12-46A2-B10E-36E2688CF1E3}.Debug|ARM64.Build.0 = Debug|Any CPU
		{3C185F07-CA12-46A2-B10E-36E2688CF1E3}.Debug|x64.ActiveCfg = Debug|Any CPU
		{3C185F07-CA12-46A2-B10E-36E2688CF1E3}.Debug|x64.Build.0 = Debug|Any CPU
		{3C185F07-CA12-46A2-B10E-36E2688CF1E3}.Debug|x86.ActiveCfg = Debug|Any CPU
		{3C185F07-CA12-46A2-B10E-36E2688CF1E3}.Debug|x86.Build.0 = Debug|Any CPU
		{3C185F07-CA12-46A2-B10E-36E2688CF1E3}.Release|Any CPU.ActiveCfg = Release|Any CPU
		{3C185F07-CA12-46A2-B10E-36E2688CF1E3}.Release|Any CPU.Build.0 = Release|Any CPU
		{3C185F07-CA12-46A2-B10E-36E2688CF1E3}.Release|ARM.ActiveCfg = Release|Any CPU
		{3C185F07-CA12-46A2-B10E-36E2688CF1E3}.Release|ARM.Build.0 = Release|Any CPU
		{3C185F07-CA12-46A2-B10E-36E2688CF1E3}.Release|ARM64.ActiveCfg = Release|Any CPU
		{3C185F07-CA12-46A2-B10E-36E2688CF1E3}.Release|ARM64.Build.0 = Release|Any CPU
		{3C185F07-CA12-46A2-B10E-36E2688CF1E3}.Release|x64.ActiveCfg = Release|Any CPU
		{3C185F07-CA12-46A2-B10E-36E2688CF1E3}.Release|x64.Build.0 = Release|Any CPU
		{3C185F07-CA12-46A2-B10E-36E2688CF1E3}.Release|x86.ActiveCfg = Release|Any CPU
		{3C185F07-CA12-46A2-B10E-36E2688CF1E3}.Release|x86.Build.0 = Release|Any CPU
		{DF585A51-2367-4A30-BEE3-A07BE0798305}.Debug|Any CPU.ActiveCfg = Debug|Any CPU
		{DF585A51-2367-4A30-BEE3-A07BE0798305}.Debug|Any CPU.Build.0 = Debug|Any CPU
		{DF585A51-2367-4A30-BEE3-A07BE0798305}.Debug|ARM.ActiveCfg = Debug|Any CPU
		{DF585A51-2367-4A30-BEE3-A07BE0798305}.Debug|ARM.Build.0 = Debug|Any CPU
		{DF585A51-2367-4A30-BEE3-A07BE0798305}.Debug|ARM64.ActiveCfg = Debug|Any CPU
		{DF585A51-2367-4A30-BEE3-A07BE0798305}.Debug|ARM64.Build.0 = Debug|Any CPU
		{DF585A51-2367-4A30-BEE3-A07BE0798305}.Debug|x64.ActiveCfg = Debug|Any CPU
		{DF585A51-2367-4A30-BEE3-A07BE0798305}.Debug|x64.Build.0 = Debug|Any CPU
		{DF585A51-2367-4A30-BEE3-A07BE0798305}.Debug|x86.ActiveCfg = Debug|Any CPU
		{DF585A51-2367-4A30-BEE3-A07BE0798305}.Debug|x86.Build.0 = Debug|Any CPU
		{DF585A51-2367-4A30-BEE3-A07BE0798305}.Release|Any CPU.ActiveCfg = Release|Any CPU
		{DF585A51-2367-4A30-BEE3-A07BE0798305}.Release|Any CPU.Build.0 = Release|Any CPU
		{DF585A51-2367-4A30-BEE3-A07BE0798305}.Release|ARM.ActiveCfg = Release|Any CPU
		{DF585A51-2367-4A30-BEE3-A07BE0798305}.Release|ARM.Build.0 = Release|Any CPU
		{DF585A51-2367-4A30-BEE3-A07BE0798305}.Release|ARM64.ActiveCfg = Release|Any CPU
		{DF585A51-2367-4A30-BEE3-A07BE0798305}.Release|ARM64.Build.0 = Release|Any CPU
		{DF585A51-2367-4A30-BEE3-A07BE0798305}.Release|x64.ActiveCfg = Release|Any CPU
		{DF585A51-2367-4A30-BEE3-A07BE0798305}.Release|x64.Build.0 = Release|Any CPU
		{DF585A51-2367-4A30-BEE3-A07BE0798305}.Release|x86.ActiveCfg = Release|Any CPU
		{DF585A51-2367-4A30-BEE3-A07BE0798305}.Release|x86.Build.0 = Release|Any CPU
		{B44023E3-E9B4-43D6-9634-02F4EA68B7D0}.Debug|Any CPU.ActiveCfg = Debug|Any CPU
		{B44023E3-E9B4-43D6-9634-02F4EA68B7D0}.Debug|Any CPU.Build.0 = Debug|Any CPU
		{B44023E3-E9B4-43D6-9634-02F4EA68B7D0}.Debug|ARM.ActiveCfg = Debug|Any CPU
		{B44023E3-E9B4-43D6-9634-02F4EA68B7D0}.Debug|ARM.Build.0 = Debug|Any CPU
		{B44023E3-E9B4-43D6-9634-02F4EA68B7D0}.Debug|ARM64.ActiveCfg = Debug|Any CPU
		{B44023E3-E9B4-43D6-9634-02F4EA68B7D0}.Debug|ARM64.Build.0 = Debug|Any CPU
		{B44023E3-E9B4-43D6-9634-02F4EA68B7D0}.Debug|x64.ActiveCfg = Debug|Any CPU
		{B44023E3-E9B4-43D6-9634-02F4EA68B7D0}.Debug|x64.Build.0 = Debug|Any CPU
		{B44023E3-E9B4-43D6-9634-02F4EA68B7D0}.Debug|x86.ActiveCfg = Debug|Any CPU
		{B44023E3-E9B4-43D6-9634-02F4EA68B7D0}.Debug|x86.Build.0 = Debug|Any CPU
		{B44023E3-E9B4-43D6-9634-02F4EA68B7D0}.Release|Any CPU.ActiveCfg = Release|Any CPU
		{B44023E3-E9B4-43D6-9634-02F4EA68B7D0}.Release|Any CPU.Build.0 = Release|Any CPU
		{B44023E3-E9B4-43D6-9634-02F4EA68B7D0}.Release|ARM.ActiveCfg = Release|Any CPU
		{B44023E3-E9B4-43D6-9634-02F4EA68B7D0}.Release|ARM.Build.0 = Release|Any CPU
		{B44023E3-E9B4-43D6-9634-02F4EA68B7D0}.Release|ARM64.ActiveCfg = Release|Any CPU
		{B44023E3-E9B4-43D6-9634-02F4EA68B7D0}.Release|ARM64.Build.0 = Release|Any CPU
		{B44023E3-E9B4-43D6-9634-02F4EA68B7D0}.Release|x64.ActiveCfg = Release|Any CPU
		{B44023E3-E9B4-43D6-9634-02F4EA68B7D0}.Release|x64.Build.0 = Release|Any CPU
		{B44023E3-E9B4-43D6-9634-02F4EA68B7D0}.Release|x86.ActiveCfg = Release|Any CPU
		{B44023E3-E9B4-43D6-9634-02F4EA68B7D0}.Release|x86.Build.0 = Release|Any CPU
		{EF7D1131-79E6-4771-AD93-4603D7C145D8}.Debug|Any CPU.ActiveCfg = Debug|Any CPU
		{EF7D1131-79E6-4771-AD93-4603D7C145D8}.Debug|Any CPU.Build.0 = Debug|Any CPU
		{EF7D1131-79E6-4771-AD93-4603D7C145D8}.Debug|ARM.ActiveCfg = Debug|Any CPU
		{EF7D1131-79E6-4771-AD93-4603D7C145D8}.Debug|ARM.Build.0 = Debug|Any CPU
		{EF7D1131-79E6-4771-AD93-4603D7C145D8}.Debug|ARM64.ActiveCfg = Debug|Any CPU
		{EF7D1131-79E6-4771-AD93-4603D7C145D8}.Debug|ARM64.Build.0 = Debug|Any CPU
		{EF7D1131-79E6-4771-AD93-4603D7C145D8}.Debug|x64.ActiveCfg = Debug|Any CPU
		{EF7D1131-79E6-4771-AD93-4603D7C145D8}.Debug|x64.Build.0 = Debug|Any CPU
		{EF7D1131-79E6-4771-AD93-4603D7C145D8}.Debug|x86.ActiveCfg = Debug|Any CPU
		{EF7D1131-79E6-4771-AD93-4603D7C145D8}.Debug|x86.Build.0 = Debug|Any CPU
		{EF7D1131-79E6-4771-AD93-4603D7C145D8}.Release|Any CPU.ActiveCfg = Release|Any CPU
		{EF7D1131-79E6-4771-AD93-4603D7C145D8}.Release|Any CPU.Build.0 = Release|Any CPU
		{EF7D1131-79E6-4771-AD93-4603D7C145D8}.Release|ARM.ActiveCfg = Release|Any CPU
		{EF7D1131-79E6-4771-AD93-4603D7C145D8}.Release|ARM.Build.0 = Release|Any CPU
		{EF7D1131-79E6-4771-AD93-4603D7C145D8}.Release|ARM64.ActiveCfg = Release|Any CPU
		{EF7D1131-79E6-4771-AD93-4603D7C145D8}.Release|ARM64.Build.0 = Release|Any CPU
		{EF7D1131-79E6-4771-AD93-4603D7C145D8}.Release|x64.ActiveCfg = Release|Any CPU
		{EF7D1131-79E6-4771-AD93-4603D7C145D8}.Release|x64.Build.0 = Release|Any CPU
		{EF7D1131-79E6-4771-AD93-4603D7C145D8}.Release|x86.ActiveCfg = Release|Any CPU
		{EF7D1131-79E6-4771-AD93-4603D7C145D8}.Release|x86.Build.0 = Release|Any CPU
		{E566E6F6-F528-4C20-92F4-05B5FA6D50BC}.Debug|Any CPU.ActiveCfg = Debug|Any CPU
		{E566E6F6-F528-4C20-92F4-05B5FA6D50BC}.Debug|Any CPU.Build.0 = Debug|Any CPU
		{E566E6F6-F528-4C20-92F4-05B5FA6D50BC}.Debug|ARM.ActiveCfg = Debug|Any CPU
		{E566E6F6-F528-4C20-92F4-05B5FA6D50BC}.Debug|ARM.Build.0 = Debug|Any CPU
		{E566E6F6-F528-4C20-92F4-05B5FA6D50BC}.Debug|ARM64.ActiveCfg = Debug|Any CPU
		{E566E6F6-F528-4C20-92F4-05B5FA6D50BC}.Debug|ARM64.Build.0 = Debug|Any CPU
		{E566E6F6-F528-4C20-92F4-05B5FA6D50BC}.Debug|x64.ActiveCfg = Debug|Any CPU
		{E566E6F6-F528-4C20-92F4-05B5FA6D50BC}.Debug|x64.Build.0 = Debug|Any CPU
		{E566E6F6-F528-4C20-92F4-05B5FA6D50BC}.Debug|x86.ActiveCfg = Debug|Any CPU
		{E566E6F6-F528-4C20-92F4-05B5FA6D50BC}.Debug|x86.Build.0 = Debug|Any CPU
		{E566E6F6-F528-4C20-92F4-05B5FA6D50BC}.Release|Any CPU.ActiveCfg = Release|Any CPU
		{E566E6F6-F528-4C20-92F4-05B5FA6D50BC}.Release|Any CPU.Build.0 = Release|Any CPU
		{E566E6F6-F528-4C20-92F4-05B5FA6D50BC}.Release|ARM.ActiveCfg = Release|Any CPU
		{E566E6F6-F528-4C20-92F4-05B5FA6D50BC}.Release|ARM.Build.0 = Release|Any CPU
		{E566E6F6-F528-4C20-92F4-05B5FA6D50BC}.Release|ARM64.ActiveCfg = Release|Any CPU
		{E566E6F6-F528-4C20-92F4-05B5FA6D50BC}.Release|ARM64.Build.0 = Release|Any CPU
		{E566E6F6-F528-4C20-92F4-05B5FA6D50BC}.Release|x64.ActiveCfg = Release|Any CPU
		{E566E6F6-F528-4C20-92F4-05B5FA6D50BC}.Release|x64.Build.0 = Release|Any CPU
		{E566E6F6-F528-4C20-92F4-05B5FA6D50BC}.Release|x86.ActiveCfg = Release|Any CPU
		{E566E6F6-F528-4C20-92F4-05B5FA6D50BC}.Release|x86.Build.0 = Release|Any CPU
		{E6692391-9D3C-427E-B8E1-F397EA912A7C}.Debug|Any CPU.ActiveCfg = Debug|Any CPU
		{E6692391-9D3C-427E-B8E1-F397EA912A7C}.Debug|Any CPU.Build.0 = Debug|Any CPU
		{E6692391-9D3C-427E-B8E1-F397EA912A7C}.Debug|ARM.ActiveCfg = Debug|Any CPU
		{E6692391-9D3C-427E-B8E1-F397EA912A7C}.Debug|ARM.Build.0 = Debug|Any CPU
		{E6692391-9D3C-427E-B8E1-F397EA912A7C}.Debug|ARM64.ActiveCfg = Debug|Any CPU
		{E6692391-9D3C-427E-B8E1-F397EA912A7C}.Debug|ARM64.Build.0 = Debug|Any CPU
		{E6692391-9D3C-427E-B8E1-F397EA912A7C}.Debug|x64.ActiveCfg = Debug|Any CPU
		{E6692391-9D3C-427E-B8E1-F397EA912A7C}.Debug|x64.Build.0 = Debug|Any CPU
		{E6692391-9D3C-427E-B8E1-F397EA912A7C}.Debug|x86.ActiveCfg = Debug|Any CPU
		{E6692391-9D3C-427E-B8E1-F397EA912A7C}.Debug|x86.Build.0 = Debug|Any CPU
		{E6692391-9D3C-427E-B8E1-F397EA912A7C}.Release|Any CPU.ActiveCfg = Release|Any CPU
		{E6692391-9D3C-427E-B8E1-F397EA912A7C}.Release|Any CPU.Build.0 = Release|Any CPU
		{E6692391-9D3C-427E-B8E1-F397EA912A7C}.Release|ARM.ActiveCfg = Release|Any CPU
		{E6692391-9D3C-427E-B8E1-F397EA912A7C}.Release|ARM.Build.0 = Release|Any CPU
		{E6692391-9D3C-427E-B8E1-F397EA912A7C}.Release|ARM64.ActiveCfg = Release|Any CPU
		{E6692391-9D3C-427E-B8E1-F397EA912A7C}.Release|ARM64.Build.0 = Release|Any CPU
		{E6692391-9D3C-427E-B8E1-F397EA912A7C}.Release|x64.ActiveCfg = Release|Any CPU
		{E6692391-9D3C-427E-B8E1-F397EA912A7C}.Release|x64.Build.0 = Release|Any CPU
		{E6692391-9D3C-427E-B8E1-F397EA912A7C}.Release|x86.ActiveCfg = Release|Any CPU
		{E6692391-9D3C-427E-B8E1-F397EA912A7C}.Release|x86.Build.0 = Release|Any CPU
		{BA1A18AC-CC20-4B17-9F69-94DEF0D14BD2}.Debug|Any CPU.ActiveCfg = Debug|Any CPU
		{BA1A18AC-CC20-4B17-9F69-94DEF0D14BD2}.Debug|Any CPU.Build.0 = Debug|Any CPU
		{BA1A18AC-CC20-4B17-9F69-94DEF0D14BD2}.Debug|ARM.ActiveCfg = Debug|Any CPU
		{BA1A18AC-CC20-4B17-9F69-94DEF0D14BD2}.Debug|ARM.Build.0 = Debug|Any CPU
		{BA1A18AC-CC20-4B17-9F69-94DEF0D14BD2}.Debug|ARM64.ActiveCfg = Debug|Any CPU
		{BA1A18AC-CC20-4B17-9F69-94DEF0D14BD2}.Debug|ARM64.Build.0 = Debug|Any CPU
		{BA1A18AC-CC20-4B17-9F69-94DEF0D14BD2}.Debug|x64.ActiveCfg = Debug|Any CPU
		{BA1A18AC-CC20-4B17-9F69-94DEF0D14BD2}.Debug|x64.Build.0 = Debug|Any CPU
		{BA1A18AC-CC20-4B17-9F69-94DEF0D14BD2}.Debug|x86.ActiveCfg = Debug|Any CPU
		{BA1A18AC-CC20-4B17-9F69-94DEF0D14BD2}.Debug|x86.Build.0 = Debug|Any CPU
		{BA1A18AC-CC20-4B17-9F69-94DEF0D14BD2}.Release|Any CPU.ActiveCfg = Release|Any CPU
		{BA1A18AC-CC20-4B17-9F69-94DEF0D14BD2}.Release|Any CPU.Build.0 = Release|Any CPU
		{BA1A18AC-CC20-4B17-9F69-94DEF0D14BD2}.Release|ARM.ActiveCfg = Release|Any CPU
		{BA1A18AC-CC20-4B17-9F69-94DEF0D14BD2}.Release|ARM.Build.0 = Release|Any CPU
		{BA1A18AC-CC20-4B17-9F69-94DEF0D14BD2}.Release|ARM64.ActiveCfg = Release|Any CPU
		{BA1A18AC-CC20-4B17-9F69-94DEF0D14BD2}.Release|ARM64.Build.0 = Release|Any CPU
		{BA1A18AC-CC20-4B17-9F69-94DEF0D14BD2}.Release|x64.ActiveCfg = Release|Any CPU
		{BA1A18AC-CC20-4B17-9F69-94DEF0D14BD2}.Release|x64.Build.0 = Release|Any CPU
		{BA1A18AC-CC20-4B17-9F69-94DEF0D14BD2}.Release|x86.ActiveCfg = Release|Any CPU
		{BA1A18AC-CC20-4B17-9F69-94DEF0D14BD2}.Release|x86.Build.0 = Release|Any CPU
		{561BD33F-9A06-473E-ADFD-A4AE0FA8D841}.Debug|Any CPU.ActiveCfg = Debug|Any CPU
		{561BD33F-9A06-473E-ADFD-A4AE0FA8D841}.Debug|Any CPU.Build.0 = Debug|Any CPU
		{561BD33F-9A06-473E-ADFD-A4AE0FA8D841}.Debug|ARM.ActiveCfg = Debug|Any CPU
		{561BD33F-9A06-473E-ADFD-A4AE0FA8D841}.Debug|ARM.Build.0 = Debug|Any CPU
		{561BD33F-9A06-473E-ADFD-A4AE0FA8D841}.Debug|ARM64.ActiveCfg = Debug|Any CPU
		{561BD33F-9A06-473E-ADFD-A4AE0FA8D841}.Debug|ARM64.Build.0 = Debug|Any CPU
		{561BD33F-9A06-473E-ADFD-A4AE0FA8D841}.Debug|x64.ActiveCfg = Debug|Any CPU
		{561BD33F-9A06-473E-ADFD-A4AE0FA8D841}.Debug|x64.Build.0 = Debug|Any CPU
		{561BD33F-9A06-473E-ADFD-A4AE0FA8D841}.Debug|x86.ActiveCfg = Debug|Any CPU
		{561BD33F-9A06-473E-ADFD-A4AE0FA8D841}.Debug|x86.Build.0 = Debug|Any CPU
		{561BD33F-9A06-473E-ADFD-A4AE0FA8D841}.Release|Any CPU.ActiveCfg = Release|Any CPU
		{561BD33F-9A06-473E-ADFD-A4AE0FA8D841}.Release|Any CPU.Build.0 = Release|Any CPU
		{561BD33F-9A06-473E-ADFD-A4AE0FA8D841}.Release|ARM.ActiveCfg = Release|Any CPU
		{561BD33F-9A06-473E-ADFD-A4AE0FA8D841}.Release|ARM.Build.0 = Release|Any CPU
		{561BD33F-9A06-473E-ADFD-A4AE0FA8D841}.Release|ARM64.ActiveCfg = Release|Any CPU
		{561BD33F-9A06-473E-ADFD-A4AE0FA8D841}.Release|ARM64.Build.0 = Release|Any CPU
		{561BD33F-9A06-473E-ADFD-A4AE0FA8D841}.Release|x64.ActiveCfg = Release|Any CPU
		{561BD33F-9A06-473E-ADFD-A4AE0FA8D841}.Release|x64.Build.0 = Release|Any CPU
		{561BD33F-9A06-473E-ADFD-A4AE0FA8D841}.Release|x86.ActiveCfg = Release|Any CPU
		{561BD33F-9A06-473E-ADFD-A4AE0FA8D841}.Release|x86.Build.0 = Release|Any CPU
		{8E4F79D0-5776-432F-A4EC-973C0DF5B388}.Debug|Any CPU.ActiveCfg = Debug|Any CPU
		{8E4F79D0-5776-432F-A4EC-973C0DF5B388}.Debug|Any CPU.Build.0 = Debug|Any CPU
		{8E4F79D0-5776-432F-A4EC-973C0DF5B388}.Debug|ARM.ActiveCfg = Debug|Any CPU
		{8E4F79D0-5776-432F-A4EC-973C0DF5B388}.Debug|ARM.Build.0 = Debug|Any CPU
		{8E4F79D0-5776-432F-A4EC-973C0DF5B388}.Debug|ARM64.ActiveCfg = Debug|Any CPU
		{8E4F79D0-5776-432F-A4EC-973C0DF5B388}.Debug|ARM64.Build.0 = Debug|Any CPU
		{8E4F79D0-5776-432F-A4EC-973C0DF5B388}.Debug|x64.ActiveCfg = Debug|Any CPU
		{8E4F79D0-5776-432F-A4EC-973C0DF5B388}.Debug|x64.Build.0 = Debug|Any CPU
		{8E4F79D0-5776-432F-A4EC-973C0DF5B388}.Debug|x86.ActiveCfg = Debug|Any CPU
		{8E4F79D0-5776-432F-A4EC-973C0DF5B388}.Debug|x86.Build.0 = Debug|Any CPU
		{8E4F79D0-5776-432F-A4EC-973C0DF5B388}.Release|Any CPU.ActiveCfg = Release|Any CPU
		{8E4F79D0-5776-432F-A4EC-973C0DF5B388}.Release|Any CPU.Build.0 = Release|Any CPU
		{8E4F79D0-5776-432F-A4EC-973C0DF5B388}.Release|ARM.ActiveCfg = Release|Any CPU
		{8E4F79D0-5776-432F-A4EC-973C0DF5B388}.Release|ARM.Build.0 = Release|Any CPU
		{8E4F79D0-5776-432F-A4EC-973C0DF5B388}.Release|ARM64.ActiveCfg = Release|Any CPU
		{8E4F79D0-5776-432F-A4EC-973C0DF5B388}.Release|ARM64.Build.0 = Release|Any CPU
		{8E4F79D0-5776-432F-A4EC-973C0DF5B388}.Release|x64.ActiveCfg = Release|Any CPU
		{8E4F79D0-5776-432F-A4EC-973C0DF5B388}.Release|x64.Build.0 = Release|Any CPU
		{8E4F79D0-5776-432F-A4EC-973C0DF5B388}.Release|x86.ActiveCfg = Release|Any CPU
		{8E4F79D0-5776-432F-A4EC-973C0DF5B388}.Release|x86.Build.0 = Release|Any CPU
		{74768277-3EEC-4A02-B7BA-9757D87228CF}.Debug|Any CPU.ActiveCfg = Debug|Any CPU
		{74768277-3EEC-4A02-B7BA-9757D87228CF}.Debug|Any CPU.Build.0 = Debug|Any CPU
		{74768277-3EEC-4A02-B7BA-9757D87228CF}.Debug|ARM.ActiveCfg = Debug|Any CPU
		{74768277-3EEC-4A02-B7BA-9757D87228CF}.Debug|ARM.Build.0 = Debug|Any CPU
		{74768277-3EEC-4A02-B7BA-9757D87228CF}.Debug|ARM64.ActiveCfg = Debug|Any CPU
		{74768277-3EEC-4A02-B7BA-9757D87228CF}.Debug|ARM64.Build.0 = Debug|Any CPU
		{74768277-3EEC-4A02-B7BA-9757D87228CF}.Debug|x64.ActiveCfg = Debug|Any CPU
		{74768277-3EEC-4A02-B7BA-9757D87228CF}.Debug|x64.Build.0 = Debug|Any CPU
		{74768277-3EEC-4A02-B7BA-9757D87228CF}.Debug|x86.ActiveCfg = Debug|Any CPU
		{74768277-3EEC-4A02-B7BA-9757D87228CF}.Debug|x86.Build.0 = Debug|Any CPU
		{74768277-3EEC-4A02-B7BA-9757D87228CF}.Release|Any CPU.ActiveCfg = Release|Any CPU
		{74768277-3EEC-4A02-B7BA-9757D87228CF}.Release|Any CPU.Build.0 = Release|Any CPU
		{74768277-3EEC-4A02-B7BA-9757D87228CF}.Release|ARM.ActiveCfg = Release|Any CPU
		{74768277-3EEC-4A02-B7BA-9757D87228CF}.Release|ARM.Build.0 = Release|Any CPU
		{74768277-3EEC-4A02-B7BA-9757D87228CF}.Release|ARM64.ActiveCfg = Release|Any CPU
		{74768277-3EEC-4A02-B7BA-9757D87228CF}.Release|ARM64.Build.0 = Release|Any CPU
		{74768277-3EEC-4A02-B7BA-9757D87228CF}.Release|x64.ActiveCfg = Release|Any CPU
		{74768277-3EEC-4A02-B7BA-9757D87228CF}.Release|x64.Build.0 = Release|Any CPU
		{74768277-3EEC-4A02-B7BA-9757D87228CF}.Release|x86.ActiveCfg = Release|Any CPU
		{74768277-3EEC-4A02-B7BA-9757D87228CF}.Release|x86.Build.0 = Release|Any CPU
		{33877882-E6FD-4224-AAB3-F12F31AFE42E}.Debug|Any CPU.ActiveCfg = Debug|Any CPU
		{33877882-E6FD-4224-AAB3-F12F31AFE42E}.Debug|Any CPU.Build.0 = Debug|Any CPU
		{33877882-E6FD-4224-AAB3-F12F31AFE42E}.Debug|ARM.ActiveCfg = Debug|Any CPU
		{33877882-E6FD-4224-AAB3-F12F31AFE42E}.Debug|ARM.Build.0 = Debug|Any CPU
		{33877882-E6FD-4224-AAB3-F12F31AFE42E}.Debug|ARM64.ActiveCfg = Debug|Any CPU
		{33877882-E6FD-4224-AAB3-F12F31AFE42E}.Debug|ARM64.Build.0 = Debug|Any CPU
		{33877882-E6FD-4224-AAB3-F12F31AFE42E}.Debug|x64.ActiveCfg = Debug|Any CPU
		{33877882-E6FD-4224-AAB3-F12F31AFE42E}.Debug|x64.Build.0 = Debug|Any CPU
		{33877882-E6FD-4224-AAB3-F12F31AFE42E}.Debug|x86.ActiveCfg = Debug|Any CPU
		{33877882-E6FD-4224-AAB3-F12F31AFE42E}.Debug|x86.Build.0 = Debug|Any CPU
		{33877882-E6FD-4224-AAB3-F12F31AFE42E}.Release|Any CPU.ActiveCfg = Release|Any CPU
		{33877882-E6FD-4224-AAB3-F12F31AFE42E}.Release|Any CPU.Build.0 = Release|Any CPU
		{33877882-E6FD-4224-AAB3-F12F31AFE42E}.Release|ARM.ActiveCfg = Release|Any CPU
		{33877882-E6FD-4224-AAB3-F12F31AFE42E}.Release|ARM.Build.0 = Release|Any CPU
		{33877882-E6FD-4224-AAB3-F12F31AFE42E}.Release|ARM64.ActiveCfg = Release|Any CPU
		{33877882-E6FD-4224-AAB3-F12F31AFE42E}.Release|ARM64.Build.0 = Release|Any CPU
		{33877882-E6FD-4224-AAB3-F12F31AFE42E}.Release|x64.ActiveCfg = Release|Any CPU
		{33877882-E6FD-4224-AAB3-F12F31AFE42E}.Release|x64.Build.0 = Release|Any CPU
		{33877882-E6FD-4224-AAB3-F12F31AFE42E}.Release|x86.ActiveCfg = Release|Any CPU
		{33877882-E6FD-4224-AAB3-F12F31AFE42E}.Release|x86.Build.0 = Release|Any CPU
		{EDF5F386-EC35-4AD5-A4A1-E125AA869413}.Debug|Any CPU.ActiveCfg = Debug|Any CPU
		{EDF5F386-EC35-4AD5-A4A1-E125AA869413}.Debug|Any CPU.Build.0 = Debug|Any CPU
		{EDF5F386-EC35-4AD5-A4A1-E125AA869413}.Debug|ARM.ActiveCfg = Debug|Any CPU
		{EDF5F386-EC35-4AD5-A4A1-E125AA869413}.Debug|ARM.Build.0 = Debug|Any CPU
		{EDF5F386-EC35-4AD5-A4A1-E125AA869413}.Debug|ARM64.ActiveCfg = Debug|Any CPU
		{EDF5F386-EC35-4AD5-A4A1-E125AA869413}.Debug|ARM64.Build.0 = Debug|Any CPU
		{EDF5F386-EC35-4AD5-A4A1-E125AA869413}.Debug|x64.ActiveCfg = Debug|Any CPU
		{EDF5F386-EC35-4AD5-A4A1-E125AA869413}.Debug|x64.Build.0 = Debug|Any CPU
		{EDF5F386-EC35-4AD5-A4A1-E125AA869413}.Debug|x86.ActiveCfg = Debug|Any CPU
		{EDF5F386-EC35-4AD5-A4A1-E125AA869413}.Debug|x86.Build.0 = Debug|Any CPU
		{EDF5F386-EC35-4AD5-A4A1-E125AA869413}.Release|Any CPU.ActiveCfg = Release|Any CPU
		{EDF5F386-EC35-4AD5-A4A1-E125AA869413}.Release|Any CPU.Build.0 = Release|Any CPU
		{EDF5F386-EC35-4AD5-A4A1-E125AA869413}.Release|ARM.ActiveCfg = Release|Any CPU
		{EDF5F386-EC35-4AD5-A4A1-E125AA869413}.Release|ARM.Build.0 = Release|Any CPU
		{EDF5F386-EC35-4AD5-A4A1-E125AA869413}.Release|ARM64.ActiveCfg = Release|Any CPU
		{EDF5F386-EC35-4AD5-A4A1-E125AA869413}.Release|ARM64.Build.0 = Release|Any CPU
		{EDF5F386-EC35-4AD5-A4A1-E125AA869413}.Release|x64.ActiveCfg = Release|Any CPU
		{EDF5F386-EC35-4AD5-A4A1-E125AA869413}.Release|x64.Build.0 = Release|Any CPU
		{EDF5F386-EC35-4AD5-A4A1-E125AA869413}.Release|x86.ActiveCfg = Release|Any CPU
		{EDF5F386-EC35-4AD5-A4A1-E125AA869413}.Release|x86.Build.0 = Release|Any CPU
		{65705554-0339-435B-A621-D0A8BD030414}.Debug|Any CPU.ActiveCfg = Debug|Any CPU
		{65705554-0339-435B-A621-D0A8BD030414}.Debug|Any CPU.Build.0 = Debug|Any CPU
		{65705554-0339-435B-A621-D0A8BD030414}.Debug|ARM.ActiveCfg = Debug|Any CPU
		{65705554-0339-435B-A621-D0A8BD030414}.Debug|ARM.Build.0 = Debug|Any CPU
		{65705554-0339-435B-A621-D0A8BD030414}.Debug|ARM64.ActiveCfg = Debug|Any CPU
		{65705554-0339-435B-A621-D0A8BD030414}.Debug|ARM64.Build.0 = Debug|Any CPU
		{65705554-0339-435B-A621-D0A8BD030414}.Debug|x64.ActiveCfg = Debug|Any CPU
		{65705554-0339-435B-A621-D0A8BD030414}.Debug|x64.Build.0 = Debug|Any CPU
		{65705554-0339-435B-A621-D0A8BD030414}.Debug|x86.ActiveCfg = Debug|Any CPU
		{65705554-0339-435B-A621-D0A8BD030414}.Debug|x86.Build.0 = Debug|Any CPU
		{65705554-0339-435B-A621-D0A8BD030414}.Release|Any CPU.ActiveCfg = Release|Any CPU
		{65705554-0339-435B-A621-D0A8BD030414}.Release|Any CPU.Build.0 = Release|Any CPU
		{65705554-0339-435B-A621-D0A8BD030414}.Release|ARM.ActiveCfg = Release|Any CPU
		{65705554-0339-435B-A621-D0A8BD030414}.Release|ARM.Build.0 = Release|Any CPU
		{65705554-0339-435B-A621-D0A8BD030414}.Release|ARM64.ActiveCfg = Release|Any CPU
		{65705554-0339-435B-A621-D0A8BD030414}.Release|ARM64.Build.0 = Release|Any CPU
		{65705554-0339-435B-A621-D0A8BD030414}.Release|x64.ActiveCfg = Release|Any CPU
		{65705554-0339-435B-A621-D0A8BD030414}.Release|x64.Build.0 = Release|Any CPU
		{65705554-0339-435B-A621-D0A8BD030414}.Release|x86.ActiveCfg = Release|Any CPU
		{65705554-0339-435B-A621-D0A8BD030414}.Release|x86.Build.0 = Release|Any CPU
		{82E15045-A36A-429D-B369-5295B8EC8666}.Debug|Any CPU.ActiveCfg = Debug|Any CPU
		{82E15045-A36A-429D-B369-5295B8EC8666}.Debug|Any CPU.Build.0 = Debug|Any CPU
		{82E15045-A36A-429D-B369-5295B8EC8666}.Debug|ARM.ActiveCfg = Debug|Any CPU
		{82E15045-A36A-429D-B369-5295B8EC8666}.Debug|ARM.Build.0 = Debug|Any CPU
		{82E15045-A36A-429D-B369-5295B8EC8666}.Debug|ARM64.ActiveCfg = Debug|Any CPU
		{82E15045-A36A-429D-B369-5295B8EC8666}.Debug|ARM64.Build.0 = Debug|Any CPU
		{82E15045-A36A-429D-B369-5295B8EC8666}.Debug|x64.ActiveCfg = Debug|Any CPU
		{82E15045-A36A-429D-B369-5295B8EC8666}.Debug|x64.Build.0 = Debug|Any CPU
		{82E15045-A36A-429D-B369-5295B8EC8666}.Debug|x86.ActiveCfg = Debug|Any CPU
		{82E15045-A36A-429D-B369-5295B8EC8666}.Debug|x86.Build.0 = Debug|Any CPU
		{82E15045-A36A-429D-B369-5295B8EC8666}.Release|Any CPU.ActiveCfg = Release|Any CPU
		{82E15045-A36A-429D-B369-5295B8EC8666}.Release|Any CPU.Build.0 = Release|Any CPU
		{82E15045-A36A-429D-B369-5295B8EC8666}.Release|ARM.ActiveCfg = Release|Any CPU
		{82E15045-A36A-429D-B369-5295B8EC8666}.Release|ARM.Build.0 = Release|Any CPU
		{82E15045-A36A-429D-B369-5295B8EC8666}.Release|ARM64.ActiveCfg = Release|Any CPU
		{82E15045-A36A-429D-B369-5295B8EC8666}.Release|ARM64.Build.0 = Release|Any CPU
		{82E15045-A36A-429D-B369-5295B8EC8666}.Release|x64.ActiveCfg = Release|Any CPU
		{82E15045-A36A-429D-B369-5295B8EC8666}.Release|x64.Build.0 = Release|Any CPU
		{82E15045-A36A-429D-B369-5295B8EC8666}.Release|x86.ActiveCfg = Release|Any CPU
		{82E15045-A36A-429D-B369-5295B8EC8666}.Release|x86.Build.0 = Release|Any CPU
		{54C299C2-BA6B-4AF6-8178-91BAA31E5E8D}.Debug|Any CPU.ActiveCfg = Debug|Any CPU
		{54C299C2-BA6B-4AF6-8178-91BAA31E5E8D}.Debug|Any CPU.Build.0 = Debug|Any CPU
		{54C299C2-BA6B-4AF6-8178-91BAA31E5E8D}.Debug|ARM.ActiveCfg = Debug|Any CPU
		{54C299C2-BA6B-4AF6-8178-91BAA31E5E8D}.Debug|ARM.Build.0 = Debug|Any CPU
		{54C299C2-BA6B-4AF6-8178-91BAA31E5E8D}.Debug|ARM64.ActiveCfg = Debug|Any CPU
		{54C299C2-BA6B-4AF6-8178-91BAA31E5E8D}.Debug|ARM64.Build.0 = Debug|Any CPU
		{54C299C2-BA6B-4AF6-8178-91BAA31E5E8D}.Debug|x64.ActiveCfg = Debug|Any CPU
		{54C299C2-BA6B-4AF6-8178-91BAA31E5E8D}.Debug|x64.Build.0 = Debug|Any CPU
		{54C299C2-BA6B-4AF6-8178-91BAA31E5E8D}.Debug|x86.ActiveCfg = Debug|Any CPU
		{54C299C2-BA6B-4AF6-8178-91BAA31E5E8D}.Debug|x86.Build.0 = Debug|Any CPU
		{54C299C2-BA6B-4AF6-8178-91BAA31E5E8D}.Release|Any CPU.ActiveCfg = Release|Any CPU
		{54C299C2-BA6B-4AF6-8178-91BAA31E5E8D}.Release|Any CPU.Build.0 = Release|Any CPU
		{54C299C2-BA6B-4AF6-8178-91BAA31E5E8D}.Release|ARM.ActiveCfg = Release|Any CPU
		{54C299C2-BA6B-4AF6-8178-91BAA31E5E8D}.Release|ARM.Build.0 = Release|Any CPU
		{54C299C2-BA6B-4AF6-8178-91BAA31E5E8D}.Release|ARM64.ActiveCfg = Release|Any CPU
		{54C299C2-BA6B-4AF6-8178-91BAA31E5E8D}.Release|ARM64.Build.0 = Release|Any CPU
		{54C299C2-BA6B-4AF6-8178-91BAA31E5E8D}.Release|x64.ActiveCfg = Release|Any CPU
		{54C299C2-BA6B-4AF6-8178-91BAA31E5E8D}.Release|x64.Build.0 = Release|Any CPU
		{54C299C2-BA6B-4AF6-8178-91BAA31E5E8D}.Release|x86.ActiveCfg = Release|Any CPU
		{54C299C2-BA6B-4AF6-8178-91BAA31E5E8D}.Release|x86.Build.0 = Release|Any CPU
		{99523E02-4C59-4011-A67C-E77F2222A7AA}.Debug|Any CPU.ActiveCfg = Debug|Any CPU
		{99523E02-4C59-4011-A67C-E77F2222A7AA}.Debug|Any CPU.Build.0 = Debug|Any CPU
		{99523E02-4C59-4011-A67C-E77F2222A7AA}.Debug|ARM.ActiveCfg = Debug|Any CPU
		{99523E02-4C59-4011-A67C-E77F2222A7AA}.Debug|ARM.Build.0 = Debug|Any CPU
		{99523E02-4C59-4011-A67C-E77F2222A7AA}.Debug|ARM64.ActiveCfg = Debug|Any CPU
		{99523E02-4C59-4011-A67C-E77F2222A7AA}.Debug|ARM64.Build.0 = Debug|Any CPU
		{99523E02-4C59-4011-A67C-E77F2222A7AA}.Debug|x64.ActiveCfg = Debug|Any CPU
		{99523E02-4C59-4011-A67C-E77F2222A7AA}.Debug|x64.Build.0 = Debug|Any CPU
		{99523E02-4C59-4011-A67C-E77F2222A7AA}.Debug|x86.ActiveCfg = Debug|Any CPU
		{99523E02-4C59-4011-A67C-E77F2222A7AA}.Debug|x86.Build.0 = Debug|Any CPU
		{99523E02-4C59-4011-A67C-E77F2222A7AA}.Release|Any CPU.ActiveCfg = Release|Any CPU
		{99523E02-4C59-4011-A67C-E77F2222A7AA}.Release|Any CPU.Build.0 = Release|Any CPU
		{99523E02-4C59-4011-A67C-E77F2222A7AA}.Release|ARM.ActiveCfg = Release|Any CPU
		{99523E02-4C59-4011-A67C-E77F2222A7AA}.Release|ARM.Build.0 = Release|Any CPU
		{99523E02-4C59-4011-A67C-E77F2222A7AA}.Release|ARM64.ActiveCfg = Release|Any CPU
		{99523E02-4C59-4011-A67C-E77F2222A7AA}.Release|ARM64.Build.0 = Release|Any CPU
		{99523E02-4C59-4011-A67C-E77F2222A7AA}.Release|x64.ActiveCfg = Release|Any CPU
		{99523E02-4C59-4011-A67C-E77F2222A7AA}.Release|x64.Build.0 = Release|Any CPU
		{99523E02-4C59-4011-A67C-E77F2222A7AA}.Release|x86.ActiveCfg = Release|Any CPU
		{99523E02-4C59-4011-A67C-E77F2222A7AA}.Release|x86.Build.0 = Release|Any CPU
		{5BEFB6D4-46DE-4FF5-BBCF-00B24D6A478B}.Debug|Any CPU.ActiveCfg = Debug|Any CPU
		{5BEFB6D4-46DE-4FF5-BBCF-00B24D6A478B}.Debug|Any CPU.Build.0 = Debug|Any CPU
		{5BEFB6D4-46DE-4FF5-BBCF-00B24D6A478B}.Debug|ARM.ActiveCfg = Debug|Any CPU
		{5BEFB6D4-46DE-4FF5-BBCF-00B24D6A478B}.Debug|ARM.Build.0 = Debug|Any CPU
		{5BEFB6D4-46DE-4FF5-BBCF-00B24D6A478B}.Debug|ARM64.ActiveCfg = Debug|Any CPU
		{5BEFB6D4-46DE-4FF5-BBCF-00B24D6A478B}.Debug|ARM64.Build.0 = Debug|Any CPU
		{5BEFB6D4-46DE-4FF5-BBCF-00B24D6A478B}.Debug|x64.ActiveCfg = Debug|Any CPU
		{5BEFB6D4-46DE-4FF5-BBCF-00B24D6A478B}.Debug|x64.Build.0 = Debug|Any CPU
		{5BEFB6D4-46DE-4FF5-BBCF-00B24D6A478B}.Debug|x86.ActiveCfg = Debug|Any CPU
		{5BEFB6D4-46DE-4FF5-BBCF-00B24D6A478B}.Debug|x86.Build.0 = Debug|Any CPU
		{5BEFB6D4-46DE-4FF5-BBCF-00B24D6A478B}.Release|Any CPU.ActiveCfg = Release|Any CPU
		{5BEFB6D4-46DE-4FF5-BBCF-00B24D6A478B}.Release|Any CPU.Build.0 = Release|Any CPU
		{5BEFB6D4-46DE-4FF5-BBCF-00B24D6A478B}.Release|ARM.ActiveCfg = Release|Any CPU
		{5BEFB6D4-46DE-4FF5-BBCF-00B24D6A478B}.Release|ARM.Build.0 = Release|Any CPU
		{5BEFB6D4-46DE-4FF5-BBCF-00B24D6A478B}.Release|ARM64.ActiveCfg = Release|Any CPU
		{5BEFB6D4-46DE-4FF5-BBCF-00B24D6A478B}.Release|ARM64.Build.0 = Release|Any CPU
		{5BEFB6D4-46DE-4FF5-BBCF-00B24D6A478B}.Release|x64.ActiveCfg = Release|Any CPU
		{5BEFB6D4-46DE-4FF5-BBCF-00B24D6A478B}.Release|x64.Build.0 = Release|Any CPU
		{5BEFB6D4-46DE-4FF5-BBCF-00B24D6A478B}.Release|x86.ActiveCfg = Release|Any CPU
		{5BEFB6D4-46DE-4FF5-BBCF-00B24D6A478B}.Release|x86.Build.0 = Release|Any CPU
		{8C433A54-1739-44D2-A502-10178FA12C4C}.Debug|Any CPU.ActiveCfg = Debug|Any CPU
		{8C433A54-1739-44D2-A502-10178FA12C4C}.Debug|Any CPU.Build.0 = Debug|Any CPU
		{8C433A54-1739-44D2-A502-10178FA12C4C}.Debug|ARM.ActiveCfg = Debug|Any CPU
		{8C433A54-1739-44D2-A502-10178FA12C4C}.Debug|ARM.Build.0 = Debug|Any CPU
		{8C433A54-1739-44D2-A502-10178FA12C4C}.Debug|ARM64.ActiveCfg = Debug|Any CPU
		{8C433A54-1739-44D2-A502-10178FA12C4C}.Debug|ARM64.Build.0 = Debug|Any CPU
		{8C433A54-1739-44D2-A502-10178FA12C4C}.Debug|x64.ActiveCfg = Debug|Any CPU
		{8C433A54-1739-44D2-A502-10178FA12C4C}.Debug|x64.Build.0 = Debug|Any CPU
		{8C433A54-1739-44D2-A502-10178FA12C4C}.Debug|x86.ActiveCfg = Debug|Any CPU
		{8C433A54-1739-44D2-A502-10178FA12C4C}.Debug|x86.Build.0 = Debug|Any CPU
		{8C433A54-1739-44D2-A502-10178FA12C4C}.Release|Any CPU.ActiveCfg = Release|Any CPU
		{8C433A54-1739-44D2-A502-10178FA12C4C}.Release|Any CPU.Build.0 = Release|Any CPU
		{8C433A54-1739-44D2-A502-10178FA12C4C}.Release|ARM.ActiveCfg = Release|Any CPU
		{8C433A54-1739-44D2-A502-10178FA12C4C}.Release|ARM.Build.0 = Release|Any CPU
		{8C433A54-1739-44D2-A502-10178FA12C4C}.Release|ARM64.ActiveCfg = Release|Any CPU
		{8C433A54-1739-44D2-A502-10178FA12C4C}.Release|ARM64.Build.0 = Release|Any CPU
		{8C433A54-1739-44D2-A502-10178FA12C4C}.Release|x64.ActiveCfg = Release|Any CPU
		{8C433A54-1739-44D2-A502-10178FA12C4C}.Release|x64.Build.0 = Release|Any CPU
		{8C433A54-1739-44D2-A502-10178FA12C4C}.Release|x86.ActiveCfg = Release|Any CPU
		{8C433A54-1739-44D2-A502-10178FA12C4C}.Release|x86.Build.0 = Release|Any CPU
		{0F98B46D-6963-4374-A6F7-DEA99061EBD4}.Debug|Any CPU.ActiveCfg = Debug|Any CPU
		{0F98B46D-6963-4374-A6F7-DEA99061EBD4}.Debug|Any CPU.Build.0 = Debug|Any CPU
		{0F98B46D-6963-4374-A6F7-DEA99061EBD4}.Debug|ARM.ActiveCfg = Debug|Any CPU
		{0F98B46D-6963-4374-A6F7-DEA99061EBD4}.Debug|ARM.Build.0 = Debug|Any CPU
		{0F98B46D-6963-4374-A6F7-DEA99061EBD4}.Debug|ARM64.ActiveCfg = Debug|Any CPU
		{0F98B46D-6963-4374-A6F7-DEA99061EBD4}.Debug|ARM64.Build.0 = Debug|Any CPU
		{0F98B46D-6963-4374-A6F7-DEA99061EBD4}.Debug|x64.ActiveCfg = Debug|Any CPU
		{0F98B46D-6963-4374-A6F7-DEA99061EBD4}.Debug|x64.Build.0 = Debug|Any CPU
		{0F98B46D-6963-4374-A6F7-DEA99061EBD4}.Debug|x86.ActiveCfg = Debug|Any CPU
		{0F98B46D-6963-4374-A6F7-DEA99061EBD4}.Debug|x86.Build.0 = Debug|Any CPU
		{0F98B46D-6963-4374-A6F7-DEA99061EBD4}.Release|Any CPU.ActiveCfg = Release|Any CPU
		{0F98B46D-6963-4374-A6F7-DEA99061EBD4}.Release|Any CPU.Build.0 = Release|Any CPU
		{0F98B46D-6963-4374-A6F7-DEA99061EBD4}.Release|ARM.ActiveCfg = Release|Any CPU
		{0F98B46D-6963-4374-A6F7-DEA99061EBD4}.Release|ARM.Build.0 = Release|Any CPU
		{0F98B46D-6963-4374-A6F7-DEA99061EBD4}.Release|ARM64.ActiveCfg = Release|Any CPU
		{0F98B46D-6963-4374-A6F7-DEA99061EBD4}.Release|ARM64.Build.0 = Release|Any CPU
		{0F98B46D-6963-4374-A6F7-DEA99061EBD4}.Release|x64.ActiveCfg = Release|Any CPU
		{0F98B46D-6963-4374-A6F7-DEA99061EBD4}.Release|x64.Build.0 = Release|Any CPU
		{0F98B46D-6963-4374-A6F7-DEA99061EBD4}.Release|x86.ActiveCfg = Release|Any CPU
		{0F98B46D-6963-4374-A6F7-DEA99061EBD4}.Release|x86.Build.0 = Release|Any CPU
		{0425753D-C373-4A9A-A98D-FFF26FEA5F06}.Debug|Any CPU.ActiveCfg = Debug|Any CPU
		{0425753D-C373-4A9A-A98D-FFF26FEA5F06}.Debug|Any CPU.Build.0 = Debug|Any CPU
		{0425753D-C373-4A9A-A98D-FFF26FEA5F06}.Debug|ARM.ActiveCfg = Debug|Any CPU
		{0425753D-C373-4A9A-A98D-FFF26FEA5F06}.Debug|ARM.Build.0 = Debug|Any CPU
		{0425753D-C373-4A9A-A98D-FFF26FEA5F06}.Debug|ARM64.ActiveCfg = Debug|Any CPU
		{0425753D-C373-4A9A-A98D-FFF26FEA5F06}.Debug|ARM64.Build.0 = Debug|Any CPU
		{0425753D-C373-4A9A-A98D-FFF26FEA5F06}.Debug|x64.ActiveCfg = Debug|Any CPU
		{0425753D-C373-4A9A-A98D-FFF26FEA5F06}.Debug|x64.Build.0 = Debug|Any CPU
		{0425753D-C373-4A9A-A98D-FFF26FEA5F06}.Debug|x86.ActiveCfg = Debug|Any CPU
		{0425753D-C373-4A9A-A98D-FFF26FEA5F06}.Debug|x86.Build.0 = Debug|Any CPU
		{0425753D-C373-4A9A-A98D-FFF26FEA5F06}.Release|Any CPU.ActiveCfg = Release|Any CPU
		{0425753D-C373-4A9A-A98D-FFF26FEA5F06}.Release|Any CPU.Build.0 = Release|Any CPU
		{0425753D-C373-4A9A-A98D-FFF26FEA5F06}.Release|ARM.ActiveCfg = Release|Any CPU
		{0425753D-C373-4A9A-A98D-FFF26FEA5F06}.Release|ARM.Build.0 = Release|Any CPU
		{0425753D-C373-4A9A-A98D-FFF26FEA5F06}.Release|ARM64.ActiveCfg = Release|Any CPU
		{0425753D-C373-4A9A-A98D-FFF26FEA5F06}.Release|ARM64.Build.0 = Release|Any CPU
		{0425753D-C373-4A9A-A98D-FFF26FEA5F06}.Release|x64.ActiveCfg = Release|Any CPU
		{0425753D-C373-4A9A-A98D-FFF26FEA5F06}.Release|x64.Build.0 = Release|Any CPU
		{0425753D-C373-4A9A-A98D-FFF26FEA5F06}.Release|x86.ActiveCfg = Release|Any CPU
		{0425753D-C373-4A9A-A98D-FFF26FEA5F06}.Release|x86.Build.0 = Release|Any CPU
		{F8184D5E-BAA7-49EE-97A7-B54DFED826AA}.Debug|Any CPU.ActiveCfg = Debug|Any CPU
		{F8184D5E-BAA7-49EE-97A7-B54DFED826AA}.Debug|Any CPU.Build.0 = Debug|Any CPU
		{F8184D5E-BAA7-49EE-97A7-B54DFED826AA}.Debug|ARM.ActiveCfg = Debug|Any CPU
		{F8184D5E-BAA7-49EE-97A7-B54DFED826AA}.Debug|ARM.Build.0 = Debug|Any CPU
		{F8184D5E-BAA7-49EE-97A7-B54DFED826AA}.Debug|ARM64.ActiveCfg = Debug|Any CPU
		{F8184D5E-BAA7-49EE-97A7-B54DFED826AA}.Debug|ARM64.Build.0 = Debug|Any CPU
		{F8184D5E-BAA7-49EE-97A7-B54DFED826AA}.Debug|x64.ActiveCfg = Debug|Any CPU
		{F8184D5E-BAA7-49EE-97A7-B54DFED826AA}.Debug|x64.Build.0 = Debug|Any CPU
		{F8184D5E-BAA7-49EE-97A7-B54DFED826AA}.Debug|x86.ActiveCfg = Debug|Any CPU
		{F8184D5E-BAA7-49EE-97A7-B54DFED826AA}.Debug|x86.Build.0 = Debug|Any CPU
		{F8184D5E-BAA7-49EE-97A7-B54DFED826AA}.Release|Any CPU.ActiveCfg = Release|Any CPU
		{F8184D5E-BAA7-49EE-97A7-B54DFED826AA}.Release|Any CPU.Build.0 = Release|Any CPU
		{F8184D5E-BAA7-49EE-97A7-B54DFED826AA}.Release|ARM.ActiveCfg = Release|Any CPU
		{F8184D5E-BAA7-49EE-97A7-B54DFED826AA}.Release|ARM.Build.0 = Release|Any CPU
		{F8184D5E-BAA7-49EE-97A7-B54DFED826AA}.Release|ARM64.ActiveCfg = Release|Any CPU
		{F8184D5E-BAA7-49EE-97A7-B54DFED826AA}.Release|ARM64.Build.0 = Release|Any CPU
		{F8184D5E-BAA7-49EE-97A7-B54DFED826AA}.Release|x64.ActiveCfg = Release|Any CPU
		{F8184D5E-BAA7-49EE-97A7-B54DFED826AA}.Release|x64.Build.0 = Release|Any CPU
		{F8184D5E-BAA7-49EE-97A7-B54DFED826AA}.Release|x86.ActiveCfg = Release|Any CPU
		{F8184D5E-BAA7-49EE-97A7-B54DFED826AA}.Release|x86.Build.0 = Release|Any CPU
		{92560F7C-9F80-4F7E-B6EC-86C7D6A82DF1}.Debug|Any CPU.ActiveCfg = Debug|Any CPU
		{92560F7C-9F80-4F7E-B6EC-86C7D6A82DF1}.Debug|Any CPU.Build.0 = Debug|Any CPU
		{92560F7C-9F80-4F7E-B6EC-86C7D6A82DF1}.Debug|ARM.ActiveCfg = Debug|Any CPU
		{92560F7C-9F80-4F7E-B6EC-86C7D6A82DF1}.Debug|ARM.Build.0 = Debug|Any CPU
		{92560F7C-9F80-4F7E-B6EC-86C7D6A82DF1}.Debug|ARM64.ActiveCfg = Debug|Any CPU
		{92560F7C-9F80-4F7E-B6EC-86C7D6A82DF1}.Debug|ARM64.Build.0 = Debug|Any CPU
		{92560F7C-9F80-4F7E-B6EC-86C7D6A82DF1}.Debug|x64.ActiveCfg = Debug|Any CPU
		{92560F7C-9F80-4F7E-B6EC-86C7D6A82DF1}.Debug|x64.Build.0 = Debug|Any CPU
		{92560F7C-9F80-4F7E-B6EC-86C7D6A82DF1}.Debug|x86.ActiveCfg = Debug|Any CPU
		{92560F7C-9F80-4F7E-B6EC-86C7D6A82DF1}.Debug|x86.Build.0 = Debug|Any CPU
		{92560F7C-9F80-4F7E-B6EC-86C7D6A82DF1}.Release|Any CPU.ActiveCfg = Release|Any CPU
		{92560F7C-9F80-4F7E-B6EC-86C7D6A82DF1}.Release|Any CPU.Build.0 = Release|Any CPU
		{92560F7C-9F80-4F7E-B6EC-86C7D6A82DF1}.Release|ARM.ActiveCfg = Release|Any CPU
		{92560F7C-9F80-4F7E-B6EC-86C7D6A82DF1}.Release|ARM.Build.0 = Release|Any CPU
		{92560F7C-9F80-4F7E-B6EC-86C7D6A82DF1}.Release|ARM64.ActiveCfg = Release|Any CPU
		{92560F7C-9F80-4F7E-B6EC-86C7D6A82DF1}.Release|ARM64.Build.0 = Release|Any CPU
		{92560F7C-9F80-4F7E-B6EC-86C7D6A82DF1}.Release|x64.ActiveCfg = Release|Any CPU
		{92560F7C-9F80-4F7E-B6EC-86C7D6A82DF1}.Release|x64.Build.0 = Release|Any CPU
		{92560F7C-9F80-4F7E-B6EC-86C7D6A82DF1}.Release|x86.ActiveCfg = Release|Any CPU
		{92560F7C-9F80-4F7E-B6EC-86C7D6A82DF1}.Release|x86.Build.0 = Release|Any CPU
		{6839D8E7-5AD1-45AB-9163-4B07AAD71E68}.Debug|Any CPU.ActiveCfg = Debug|Any CPU
		{6839D8E7-5AD1-45AB-9163-4B07AAD71E68}.Debug|Any CPU.Build.0 = Debug|Any CPU
		{6839D8E7-5AD1-45AB-9163-4B07AAD71E68}.Debug|ARM.ActiveCfg = Debug|Any CPU
		{6839D8E7-5AD1-45AB-9163-4B07AAD71E68}.Debug|ARM.Build.0 = Debug|Any CPU
		{6839D8E7-5AD1-45AB-9163-4B07AAD71E68}.Debug|ARM64.ActiveCfg = Debug|Any CPU
		{6839D8E7-5AD1-45AB-9163-4B07AAD71E68}.Debug|ARM64.Build.0 = Debug|Any CPU
		{6839D8E7-5AD1-45AB-9163-4B07AAD71E68}.Debug|x64.ActiveCfg = Debug|Any CPU
		{6839D8E7-5AD1-45AB-9163-4B07AAD71E68}.Debug|x64.Build.0 = Debug|Any CPU
		{6839D8E7-5AD1-45AB-9163-4B07AAD71E68}.Debug|x86.ActiveCfg = Debug|Any CPU
		{6839D8E7-5AD1-45AB-9163-4B07AAD71E68}.Debug|x86.Build.0 = Debug|Any CPU
		{6839D8E7-5AD1-45AB-9163-4B07AAD71E68}.Release|Any CPU.ActiveCfg = Release|Any CPU
		{6839D8E7-5AD1-45AB-9163-4B07AAD71E68}.Release|Any CPU.Build.0 = Release|Any CPU
		{6839D8E7-5AD1-45AB-9163-4B07AAD71E68}.Release|ARM.ActiveCfg = Release|Any CPU
		{6839D8E7-5AD1-45AB-9163-4B07AAD71E68}.Release|ARM.Build.0 = Release|Any CPU
		{6839D8E7-5AD1-45AB-9163-4B07AAD71E68}.Release|ARM64.ActiveCfg = Release|Any CPU
		{6839D8E7-5AD1-45AB-9163-4B07AAD71E68}.Release|ARM64.Build.0 = Release|Any CPU
		{6839D8E7-5AD1-45AB-9163-4B07AAD71E68}.Release|x64.ActiveCfg = Release|Any CPU
		{6839D8E7-5AD1-45AB-9163-4B07AAD71E68}.Release|x64.Build.0 = Release|Any CPU
		{6839D8E7-5AD1-45AB-9163-4B07AAD71E68}.Release|x86.ActiveCfg = Release|Any CPU
		{6839D8E7-5AD1-45AB-9163-4B07AAD71E68}.Release|x86.Build.0 = Release|Any CPU
		{6E6411D5-7FAA-476A-BABA-FB817BE24966}.Debug|Any CPU.ActiveCfg = Debug|Any CPU
		{6E6411D5-7FAA-476A-BABA-FB817BE24966}.Debug|Any CPU.Build.0 = Debug|Any CPU
		{6E6411D5-7FAA-476A-BABA-FB817BE24966}.Debug|ARM.ActiveCfg = Debug|Any CPU
		{6E6411D5-7FAA-476A-BABA-FB817BE24966}.Debug|ARM.Build.0 = Debug|Any CPU
		{6E6411D5-7FAA-476A-BABA-FB817BE24966}.Debug|ARM64.ActiveCfg = Debug|Any CPU
		{6E6411D5-7FAA-476A-BABA-FB817BE24966}.Debug|ARM64.Build.0 = Debug|Any CPU
		{6E6411D5-7FAA-476A-BABA-FB817BE24966}.Debug|x64.ActiveCfg = Debug|Any CPU
		{6E6411D5-7FAA-476A-BABA-FB817BE24966}.Debug|x64.Build.0 = Debug|Any CPU
		{6E6411D5-7FAA-476A-BABA-FB817BE24966}.Debug|x86.ActiveCfg = Debug|Any CPU
		{6E6411D5-7FAA-476A-BABA-FB817BE24966}.Debug|x86.Build.0 = Debug|Any CPU
		{6E6411D5-7FAA-476A-BABA-FB817BE24966}.Release|Any CPU.ActiveCfg = Release|Any CPU
		{6E6411D5-7FAA-476A-BABA-FB817BE24966}.Release|Any CPU.Build.0 = Release|Any CPU
		{6E6411D5-7FAA-476A-BABA-FB817BE24966}.Release|ARM.ActiveCfg = Release|Any CPU
		{6E6411D5-7FAA-476A-BABA-FB817BE24966}.Release|ARM.Build.0 = Release|Any CPU
		{6E6411D5-7FAA-476A-BABA-FB817BE24966}.Release|ARM64.ActiveCfg = Release|Any CPU
		{6E6411D5-7FAA-476A-BABA-FB817BE24966}.Release|ARM64.Build.0 = Release|Any CPU
		{6E6411D5-7FAA-476A-BABA-FB817BE24966}.Release|x64.ActiveCfg = Release|Any CPU
		{6E6411D5-7FAA-476A-BABA-FB817BE24966}.Release|x64.Build.0 = Release|Any CPU
		{6E6411D5-7FAA-476A-BABA-FB817BE24966}.Release|x86.ActiveCfg = Release|Any CPU
		{6E6411D5-7FAA-476A-BABA-FB817BE24966}.Release|x86.Build.0 = Release|Any CPU
		{DC455E1A-3B69-4FF7-8797-B8BF1984DF88}.Debug|Any CPU.ActiveCfg = Debug|Any CPU
		{DC455E1A-3B69-4FF7-8797-B8BF1984DF88}.Debug|Any CPU.Build.0 = Debug|Any CPU
		{DC455E1A-3B69-4FF7-8797-B8BF1984DF88}.Debug|ARM.ActiveCfg = Debug|Any CPU
		{DC455E1A-3B69-4FF7-8797-B8BF1984DF88}.Debug|ARM.Build.0 = Debug|Any CPU
		{DC455E1A-3B69-4FF7-8797-B8BF1984DF88}.Debug|ARM64.ActiveCfg = Debug|Any CPU
		{DC455E1A-3B69-4FF7-8797-B8BF1984DF88}.Debug|ARM64.Build.0 = Debug|Any CPU
		{DC455E1A-3B69-4FF7-8797-B8BF1984DF88}.Debug|x64.ActiveCfg = Debug|Any CPU
		{DC455E1A-3B69-4FF7-8797-B8BF1984DF88}.Debug|x64.Build.0 = Debug|Any CPU
		{DC455E1A-3B69-4FF7-8797-B8BF1984DF88}.Debug|x86.ActiveCfg = Debug|Any CPU
		{DC455E1A-3B69-4FF7-8797-B8BF1984DF88}.Debug|x86.Build.0 = Debug|Any CPU
		{DC455E1A-3B69-4FF7-8797-B8BF1984DF88}.Release|Any CPU.ActiveCfg = Release|Any CPU
		{DC455E1A-3B69-4FF7-8797-B8BF1984DF88}.Release|Any CPU.Build.0 = Release|Any CPU
		{DC455E1A-3B69-4FF7-8797-B8BF1984DF88}.Release|ARM.ActiveCfg = Release|Any CPU
		{DC455E1A-3B69-4FF7-8797-B8BF1984DF88}.Release|ARM.Build.0 = Release|Any CPU
		{DC455E1A-3B69-4FF7-8797-B8BF1984DF88}.Release|ARM64.ActiveCfg = Release|Any CPU
		{DC455E1A-3B69-4FF7-8797-B8BF1984DF88}.Release|ARM64.Build.0 = Release|Any CPU
		{DC455E1A-3B69-4FF7-8797-B8BF1984DF88}.Release|x64.ActiveCfg = Release|Any CPU
		{DC455E1A-3B69-4FF7-8797-B8BF1984DF88}.Release|x64.Build.0 = Release|Any CPU
		{DC455E1A-3B69-4FF7-8797-B8BF1984DF88}.Release|x86.ActiveCfg = Release|Any CPU
		{DC455E1A-3B69-4FF7-8797-B8BF1984DF88}.Release|x86.Build.0 = Release|Any CPU
		{A36D1A39-081C-4570-AA14-1080A570B614}.Debug|Any CPU.ActiveCfg = Debug|Any CPU
		{A36D1A39-081C-4570-AA14-1080A570B614}.Debug|Any CPU.Build.0 = Debug|Any CPU
		{A36D1A39-081C-4570-AA14-1080A570B614}.Debug|ARM.ActiveCfg = Debug|Any CPU
		{A36D1A39-081C-4570-AA14-1080A570B614}.Debug|ARM.Build.0 = Debug|Any CPU
		{A36D1A39-081C-4570-AA14-1080A570B614}.Debug|ARM64.ActiveCfg = Debug|Any CPU
		{A36D1A39-081C-4570-AA14-1080A570B614}.Debug|ARM64.Build.0 = Debug|Any CPU
		{A36D1A39-081C-4570-AA14-1080A570B614}.Debug|x64.ActiveCfg = Debug|Any CPU
		{A36D1A39-081C-4570-AA14-1080A570B614}.Debug|x64.Build.0 = Debug|Any CPU
		{A36D1A39-081C-4570-AA14-1080A570B614}.Debug|x86.ActiveCfg = Debug|Any CPU
		{A36D1A39-081C-4570-AA14-1080A570B614}.Debug|x86.Build.0 = Debug|Any CPU
		{A36D1A39-081C-4570-AA14-1080A570B614}.Release|Any CPU.ActiveCfg = Release|Any CPU
		{A36D1A39-081C-4570-AA14-1080A570B614}.Release|Any CPU.Build.0 = Release|Any CPU
		{A36D1A39-081C-4570-AA14-1080A570B614}.Release|ARM.ActiveCfg = Release|Any CPU
		{A36D1A39-081C-4570-AA14-1080A570B614}.Release|ARM.Build.0 = Release|Any CPU
		{A36D1A39-081C-4570-AA14-1080A570B614}.Release|ARM64.ActiveCfg = Release|Any CPU
		{A36D1A39-081C-4570-AA14-1080A570B614}.Release|ARM64.Build.0 = Release|Any CPU
		{A36D1A39-081C-4570-AA14-1080A570B614}.Release|x64.ActiveCfg = Release|Any CPU
		{A36D1A39-081C-4570-AA14-1080A570B614}.Release|x64.Build.0 = Release|Any CPU
		{A36D1A39-081C-4570-AA14-1080A570B614}.Release|x86.ActiveCfg = Release|Any CPU
		{A36D1A39-081C-4570-AA14-1080A570B614}.Release|x86.Build.0 = Release|Any CPU
		{21CE9FFF-B9F4-49A5-A096-413F68C47B86}.Debug|Any CPU.ActiveCfg = Debug|Any CPU
		{21CE9FFF-B9F4-49A5-A096-413F68C47B86}.Debug|Any CPU.Build.0 = Debug|Any CPU
		{21CE9FFF-B9F4-49A5-A096-413F68C47B86}.Debug|ARM.ActiveCfg = Debug|Any CPU
		{21CE9FFF-B9F4-49A5-A096-413F68C47B86}.Debug|ARM.Build.0 = Debug|Any CPU
		{21CE9FFF-B9F4-49A5-A096-413F68C47B86}.Debug|ARM64.ActiveCfg = Debug|Any CPU
		{21CE9FFF-B9F4-49A5-A096-413F68C47B86}.Debug|ARM64.Build.0 = Debug|Any CPU
		{21CE9FFF-B9F4-49A5-A096-413F68C47B86}.Debug|x64.ActiveCfg = Debug|Any CPU
		{21CE9FFF-B9F4-49A5-A096-413F68C47B86}.Debug|x64.Build.0 = Debug|Any CPU
		{21CE9FFF-B9F4-49A5-A096-413F68C47B86}.Debug|x86.ActiveCfg = Debug|Any CPU
		{21CE9FFF-B9F4-49A5-A096-413F68C47B86}.Debug|x86.Build.0 = Debug|Any CPU
		{21CE9FFF-B9F4-49A5-A096-413F68C47B86}.Release|Any CPU.ActiveCfg = Release|Any CPU
		{21CE9FFF-B9F4-49A5-A096-413F68C47B86}.Release|Any CPU.Build.0 = Release|Any CPU
		{21CE9FFF-B9F4-49A5-A096-413F68C47B86}.Release|ARM.ActiveCfg = Release|Any CPU
		{21CE9FFF-B9F4-49A5-A096-413F68C47B86}.Release|ARM.Build.0 = Release|Any CPU
		{21CE9FFF-B9F4-49A5-A096-413F68C47B86}.Release|ARM64.ActiveCfg = Release|Any CPU
		{21CE9FFF-B9F4-49A5-A096-413F68C47B86}.Release|ARM64.Build.0 = Release|Any CPU
		{21CE9FFF-B9F4-49A5-A096-413F68C47B86}.Release|x64.ActiveCfg = Release|Any CPU
		{21CE9FFF-B9F4-49A5-A096-413F68C47B86}.Release|x64.Build.0 = Release|Any CPU
		{21CE9FFF-B9F4-49A5-A096-413F68C47B86}.Release|x86.ActiveCfg = Release|Any CPU
		{21CE9FFF-B9F4-49A5-A096-413F68C47B86}.Release|x86.Build.0 = Release|Any CPU
		{85A13796-B72C-4735-B545-6E068486D841}.Debug|Any CPU.ActiveCfg = Debug|Any CPU
		{85A13796-B72C-4735-B545-6E068486D841}.Debug|Any CPU.Build.0 = Debug|Any CPU
		{85A13796-B72C-4735-B545-6E068486D841}.Debug|ARM.ActiveCfg = Debug|Any CPU
		{85A13796-B72C-4735-B545-6E068486D841}.Debug|ARM.Build.0 = Debug|Any CPU
		{85A13796-B72C-4735-B545-6E068486D841}.Debug|ARM64.ActiveCfg = Debug|Any CPU
		{85A13796-B72C-4735-B545-6E068486D841}.Debug|ARM64.Build.0 = Debug|Any CPU
		{85A13796-B72C-4735-B545-6E068486D841}.Debug|x64.ActiveCfg = Debug|Any CPU
		{85A13796-B72C-4735-B545-6E068486D841}.Debug|x64.Build.0 = Debug|Any CPU
		{85A13796-B72C-4735-B545-6E068486D841}.Debug|x86.ActiveCfg = Debug|Any CPU
		{85A13796-B72C-4735-B545-6E068486D841}.Debug|x86.Build.0 = Debug|Any CPU
		{85A13796-B72C-4735-B545-6E068486D841}.Release|Any CPU.ActiveCfg = Release|Any CPU
		{85A13796-B72C-4735-B545-6E068486D841}.Release|Any CPU.Build.0 = Release|Any CPU
		{85A13796-B72C-4735-B545-6E068486D841}.Release|ARM.ActiveCfg = Release|Any CPU
		{85A13796-B72C-4735-B545-6E068486D841}.Release|ARM.Build.0 = Release|Any CPU
		{85A13796-B72C-4735-B545-6E068486D841}.Release|ARM64.ActiveCfg = Release|Any CPU
		{85A13796-B72C-4735-B545-6E068486D841}.Release|ARM64.Build.0 = Release|Any CPU
		{85A13796-B72C-4735-B545-6E068486D841}.Release|x64.ActiveCfg = Release|Any CPU
		{85A13796-B72C-4735-B545-6E068486D841}.Release|x64.Build.0 = Release|Any CPU
		{85A13796-B72C-4735-B545-6E068486D841}.Release|x86.ActiveCfg = Release|Any CPU
		{85A13796-B72C-4735-B545-6E068486D841}.Release|x86.Build.0 = Release|Any CPU
		{9D0864DB-69B9-4E4B-95C3-2AECDE5FB701}.Debug|Any CPU.ActiveCfg = Debug|Any CPU
		{9D0864DB-69B9-4E4B-95C3-2AECDE5FB701}.Debug|Any CPU.Build.0 = Debug|Any CPU
		{9D0864DB-69B9-4E4B-95C3-2AECDE5FB701}.Debug|ARM.ActiveCfg = Debug|Any CPU
		{9D0864DB-69B9-4E4B-95C3-2AECDE5FB701}.Debug|ARM.Build.0 = Debug|Any CPU
		{9D0864DB-69B9-4E4B-95C3-2AECDE5FB701}.Debug|ARM64.ActiveCfg = Debug|Any CPU
		{9D0864DB-69B9-4E4B-95C3-2AECDE5FB701}.Debug|ARM64.Build.0 = Debug|Any CPU
		{9D0864DB-69B9-4E4B-95C3-2AECDE5FB701}.Debug|x64.ActiveCfg = Debug|Any CPU
		{9D0864DB-69B9-4E4B-95C3-2AECDE5FB701}.Debug|x64.Build.0 = Debug|Any CPU
		{9D0864DB-69B9-4E4B-95C3-2AECDE5FB701}.Debug|x86.ActiveCfg = Debug|Any CPU
		{9D0864DB-69B9-4E4B-95C3-2AECDE5FB701}.Debug|x86.Build.0 = Debug|Any CPU
		{9D0864DB-69B9-4E4B-95C3-2AECDE5FB701}.Release|Any CPU.ActiveCfg = Release|Any CPU
		{9D0864DB-69B9-4E4B-95C3-2AECDE5FB701}.Release|Any CPU.Build.0 = Release|Any CPU
		{9D0864DB-69B9-4E4B-95C3-2AECDE5FB701}.Release|ARM.ActiveCfg = Release|Any CPU
		{9D0864DB-69B9-4E4B-95C3-2AECDE5FB701}.Release|ARM.Build.0 = Release|Any CPU
		{9D0864DB-69B9-4E4B-95C3-2AECDE5FB701}.Release|ARM64.ActiveCfg = Release|Any CPU
		{9D0864DB-69B9-4E4B-95C3-2AECDE5FB701}.Release|ARM64.Build.0 = Release|Any CPU
		{9D0864DB-69B9-4E4B-95C3-2AECDE5FB701}.Release|x64.ActiveCfg = Release|Any CPU
		{9D0864DB-69B9-4E4B-95C3-2AECDE5FB701}.Release|x64.Build.0 = Release|Any CPU
		{9D0864DB-69B9-4E4B-95C3-2AECDE5FB701}.Release|x86.ActiveCfg = Release|Any CPU
		{9D0864DB-69B9-4E4B-95C3-2AECDE5FB701}.Release|x86.Build.0 = Release|Any CPU
		{596EEA84-5324-4627-A310-E34AD35C8CE1}.Debug|Any CPU.ActiveCfg = Debug|Any CPU
		{596EEA84-5324-4627-A310-E34AD35C8CE1}.Debug|Any CPU.Build.0 = Debug|Any CPU
		{596EEA84-5324-4627-A310-E34AD35C8CE1}.Debug|ARM.ActiveCfg = Debug|Any CPU
		{596EEA84-5324-4627-A310-E34AD35C8CE1}.Debug|ARM.Build.0 = Debug|Any CPU
		{596EEA84-5324-4627-A310-E34AD35C8CE1}.Debug|ARM64.ActiveCfg = Debug|Any CPU
		{596EEA84-5324-4627-A310-E34AD35C8CE1}.Debug|ARM64.Build.0 = Debug|Any CPU
		{596EEA84-5324-4627-A310-E34AD35C8CE1}.Debug|x64.ActiveCfg = Debug|Any CPU
		{596EEA84-5324-4627-A310-E34AD35C8CE1}.Debug|x64.Build.0 = Debug|Any CPU
		{596EEA84-5324-4627-A310-E34AD35C8CE1}.Debug|x86.ActiveCfg = Debug|Any CPU
		{596EEA84-5324-4627-A310-E34AD35C8CE1}.Debug|x86.Build.0 = Debug|Any CPU
		{596EEA84-5324-4627-A310-E34AD35C8CE1}.Release|Any CPU.ActiveCfg = Release|Any CPU
		{596EEA84-5324-4627-A310-E34AD35C8CE1}.Release|Any CPU.Build.0 = Release|Any CPU
		{596EEA84-5324-4627-A310-E34AD35C8CE1}.Release|ARM.ActiveCfg = Release|Any CPU
		{596EEA84-5324-4627-A310-E34AD35C8CE1}.Release|ARM.Build.0 = Release|Any CPU
		{596EEA84-5324-4627-A310-E34AD35C8CE1}.Release|ARM64.ActiveCfg = Release|Any CPU
		{596EEA84-5324-4627-A310-E34AD35C8CE1}.Release|ARM64.Build.0 = Release|Any CPU
		{596EEA84-5324-4627-A310-E34AD35C8CE1}.Release|x64.ActiveCfg = Release|Any CPU
		{596EEA84-5324-4627-A310-E34AD35C8CE1}.Release|x64.Build.0 = Release|Any CPU
		{596EEA84-5324-4627-A310-E34AD35C8CE1}.Release|x86.ActiveCfg = Release|Any CPU
		{596EEA84-5324-4627-A310-E34AD35C8CE1}.Release|x86.Build.0 = Release|Any CPU
		{C55BE5A6-289B-44E3-9BDE-B86356D182F3}.Debug|Any CPU.ActiveCfg = Debug|Any CPU
		{C55BE5A6-289B-44E3-9BDE-B86356D182F3}.Debug|Any CPU.Build.0 = Debug|Any CPU
		{C55BE5A6-289B-44E3-9BDE-B86356D182F3}.Debug|ARM.ActiveCfg = Debug|Any CPU
		{C55BE5A6-289B-44E3-9BDE-B86356D182F3}.Debug|ARM.Build.0 = Debug|Any CPU
		{C55BE5A6-289B-44E3-9BDE-B86356D182F3}.Debug|ARM64.ActiveCfg = Debug|Any CPU
		{C55BE5A6-289B-44E3-9BDE-B86356D182F3}.Debug|ARM64.Build.0 = Debug|Any CPU
		{C55BE5A6-289B-44E3-9BDE-B86356D182F3}.Debug|x64.ActiveCfg = Debug|Any CPU
		{C55BE5A6-289B-44E3-9BDE-B86356D182F3}.Debug|x64.Build.0 = Debug|Any CPU
		{C55BE5A6-289B-44E3-9BDE-B86356D182F3}.Debug|x86.ActiveCfg = Debug|Any CPU
		{C55BE5A6-289B-44E3-9BDE-B86356D182F3}.Debug|x86.Build.0 = Debug|Any CPU
		{C55BE5A6-289B-44E3-9BDE-B86356D182F3}.Release|Any CPU.ActiveCfg = Release|Any CPU
		{C55BE5A6-289B-44E3-9BDE-B86356D182F3}.Release|Any CPU.Build.0 = Release|Any CPU
		{C55BE5A6-289B-44E3-9BDE-B86356D182F3}.Release|ARM.ActiveCfg = Release|Any CPU
		{C55BE5A6-289B-44E3-9BDE-B86356D182F3}.Release|ARM.Build.0 = Release|Any CPU
		{C55BE5A6-289B-44E3-9BDE-B86356D182F3}.Release|ARM64.ActiveCfg = Release|Any CPU
		{C55BE5A6-289B-44E3-9BDE-B86356D182F3}.Release|ARM64.Build.0 = Release|Any CPU
		{C55BE5A6-289B-44E3-9BDE-B86356D182F3}.Release|x64.ActiveCfg = Release|Any CPU
		{C55BE5A6-289B-44E3-9BDE-B86356D182F3}.Release|x64.Build.0 = Release|Any CPU
		{C55BE5A6-289B-44E3-9BDE-B86356D182F3}.Release|x86.ActiveCfg = Release|Any CPU
		{C55BE5A6-289B-44E3-9BDE-B86356D182F3}.Release|x86.Build.0 = Release|Any CPU
		{ACDF2F17-400C-4442-8097-7C0C518C7EF9}.Debug|Any CPU.ActiveCfg = Debug|Any CPU
		{ACDF2F17-400C-4442-8097-7C0C518C7EF9}.Debug|Any CPU.Build.0 = Debug|Any CPU
		{ACDF2F17-400C-4442-8097-7C0C518C7EF9}.Debug|ARM.ActiveCfg = Debug|Any CPU
		{ACDF2F17-400C-4442-8097-7C0C518C7EF9}.Debug|ARM.Build.0 = Debug|Any CPU
		{ACDF2F17-400C-4442-8097-7C0C518C7EF9}.Debug|ARM64.ActiveCfg = Debug|Any CPU
		{ACDF2F17-400C-4442-8097-7C0C518C7EF9}.Debug|ARM64.Build.0 = Debug|Any CPU
		{ACDF2F17-400C-4442-8097-7C0C518C7EF9}.Debug|x64.ActiveCfg = Debug|Any CPU
		{ACDF2F17-400C-4442-8097-7C0C518C7EF9}.Debug|x64.Build.0 = Debug|Any CPU
		{ACDF2F17-400C-4442-8097-7C0C518C7EF9}.Debug|x86.ActiveCfg = Debug|Any CPU
		{ACDF2F17-400C-4442-8097-7C0C518C7EF9}.Debug|x86.Build.0 = Debug|Any CPU
		{ACDF2F17-400C-4442-8097-7C0C518C7EF9}.Release|Any CPU.ActiveCfg = Release|Any CPU
		{ACDF2F17-400C-4442-8097-7C0C518C7EF9}.Release|Any CPU.Build.0 = Release|Any CPU
		{ACDF2F17-400C-4442-8097-7C0C518C7EF9}.Release|ARM.ActiveCfg = Release|Any CPU
		{ACDF2F17-400C-4442-8097-7C0C518C7EF9}.Release|ARM.Build.0 = Release|Any CPU
		{ACDF2F17-400C-4442-8097-7C0C518C7EF9}.Release|ARM64.ActiveCfg = Release|Any CPU
		{ACDF2F17-400C-4442-8097-7C0C518C7EF9}.Release|ARM64.Build.0 = Release|Any CPU
		{ACDF2F17-400C-4442-8097-7C0C518C7EF9}.Release|x64.ActiveCfg = Release|Any CPU
		{ACDF2F17-400C-4442-8097-7C0C518C7EF9}.Release|x64.Build.0 = Release|Any CPU
		{ACDF2F17-400C-4442-8097-7C0C518C7EF9}.Release|x86.ActiveCfg = Release|Any CPU
		{ACDF2F17-400C-4442-8097-7C0C518C7EF9}.Release|x86.Build.0 = Release|Any CPU
		{479ABBF5-6381-4DF6-B99E-42D13414B138}.Debug|Any CPU.ActiveCfg = Debug|x86
		{479ABBF5-6381-4DF6-B99E-42D13414B138}.Debug|ARM.ActiveCfg = Debug|ARM
		{479ABBF5-6381-4DF6-B99E-42D13414B138}.Debug|ARM.Build.0 = Debug|ARM
		{479ABBF5-6381-4DF6-B99E-42D13414B138}.Debug|ARM.Deploy.0 = Debug|ARM
		{479ABBF5-6381-4DF6-B99E-42D13414B138}.Debug|ARM64.ActiveCfg = Debug|ARM64
		{479ABBF5-6381-4DF6-B99E-42D13414B138}.Debug|ARM64.Build.0 = Debug|ARM64
		{479ABBF5-6381-4DF6-B99E-42D13414B138}.Debug|ARM64.Deploy.0 = Debug|ARM64
		{479ABBF5-6381-4DF6-B99E-42D13414B138}.Debug|x64.ActiveCfg = Debug|x64
		{479ABBF5-6381-4DF6-B99E-42D13414B138}.Debug|x64.Build.0 = Debug|x64
		{479ABBF5-6381-4DF6-B99E-42D13414B138}.Debug|x64.Deploy.0 = Debug|x64
		{479ABBF5-6381-4DF6-B99E-42D13414B138}.Debug|x86.ActiveCfg = Debug|x86
		{479ABBF5-6381-4DF6-B99E-42D13414B138}.Debug|x86.Build.0 = Debug|x86
		{479ABBF5-6381-4DF6-B99E-42D13414B138}.Debug|x86.Deploy.0 = Debug|x86
		{479ABBF5-6381-4DF6-B99E-42D13414B138}.Release|Any CPU.ActiveCfg = Release|x86
		{479ABBF5-6381-4DF6-B99E-42D13414B138}.Release|ARM.ActiveCfg = Release|ARM
		{479ABBF5-6381-4DF6-B99E-42D13414B138}.Release|ARM.Build.0 = Release|ARM
		{479ABBF5-6381-4DF6-B99E-42D13414B138}.Release|ARM.Deploy.0 = Release|ARM
		{479ABBF5-6381-4DF6-B99E-42D13414B138}.Release|ARM64.ActiveCfg = Release|ARM64
		{479ABBF5-6381-4DF6-B99E-42D13414B138}.Release|ARM64.Build.0 = Release|ARM64
		{479ABBF5-6381-4DF6-B99E-42D13414B138}.Release|ARM64.Deploy.0 = Release|ARM64
		{479ABBF5-6381-4DF6-B99E-42D13414B138}.Release|x64.ActiveCfg = Release|x64
		{479ABBF5-6381-4DF6-B99E-42D13414B138}.Release|x64.Build.0 = Release|x64
		{479ABBF5-6381-4DF6-B99E-42D13414B138}.Release|x64.Deploy.0 = Release|x64
		{479ABBF5-6381-4DF6-B99E-42D13414B138}.Release|x86.ActiveCfg = Release|x86
		{479ABBF5-6381-4DF6-B99E-42D13414B138}.Release|x86.Build.0 = Release|x86
		{479ABBF5-6381-4DF6-B99E-42D13414B138}.Release|x86.Deploy.0 = Release|x86
		{B237B5F3-FFFD-484A-9717-9357058182AE}.Debug|Any CPU.ActiveCfg = Debug|x86
		{B237B5F3-FFFD-484A-9717-9357058182AE}.Debug|ARM.ActiveCfg = Debug|ARM
		{B237B5F3-FFFD-484A-9717-9357058182AE}.Debug|ARM.Build.0 = Debug|ARM
		{B237B5F3-FFFD-484A-9717-9357058182AE}.Debug|ARM.Deploy.0 = Debug|ARM
		{B237B5F3-FFFD-484A-9717-9357058182AE}.Debug|ARM64.ActiveCfg = Debug|ARM64
		{B237B5F3-FFFD-484A-9717-9357058182AE}.Debug|ARM64.Build.0 = Debug|ARM64
		{B237B5F3-FFFD-484A-9717-9357058182AE}.Debug|ARM64.Deploy.0 = Debug|ARM64
		{B237B5F3-FFFD-484A-9717-9357058182AE}.Debug|x64.ActiveCfg = Debug|x64
		{B237B5F3-FFFD-484A-9717-9357058182AE}.Debug|x64.Build.0 = Debug|x64
		{B237B5F3-FFFD-484A-9717-9357058182AE}.Debug|x64.Deploy.0 = Debug|x64
		{B237B5F3-FFFD-484A-9717-9357058182AE}.Debug|x86.ActiveCfg = Debug|x86
		{B237B5F3-FFFD-484A-9717-9357058182AE}.Debug|x86.Build.0 = Debug|x86
		{B237B5F3-FFFD-484A-9717-9357058182AE}.Debug|x86.Deploy.0 = Debug|x86
		{B237B5F3-FFFD-484A-9717-9357058182AE}.Release|Any CPU.ActiveCfg = Release|x86
		{B237B5F3-FFFD-484A-9717-9357058182AE}.Release|ARM.ActiveCfg = Release|ARM
		{B237B5F3-FFFD-484A-9717-9357058182AE}.Release|ARM.Build.0 = Release|ARM
		{B237B5F3-FFFD-484A-9717-9357058182AE}.Release|ARM.Deploy.0 = Release|ARM
		{B237B5F3-FFFD-484A-9717-9357058182AE}.Release|ARM64.ActiveCfg = Release|ARM64
		{B237B5F3-FFFD-484A-9717-9357058182AE}.Release|ARM64.Build.0 = Release|ARM64
		{B237B5F3-FFFD-484A-9717-9357058182AE}.Release|ARM64.Deploy.0 = Release|ARM64
		{B237B5F3-FFFD-484A-9717-9357058182AE}.Release|x64.ActiveCfg = Release|x64
		{B237B5F3-FFFD-484A-9717-9357058182AE}.Release|x64.Build.0 = Release|x64
		{B237B5F3-FFFD-484A-9717-9357058182AE}.Release|x64.Deploy.0 = Release|x64
		{B237B5F3-FFFD-484A-9717-9357058182AE}.Release|x86.ActiveCfg = Release|x86
		{B237B5F3-FFFD-484A-9717-9357058182AE}.Release|x86.Build.0 = Release|x86
		{B237B5F3-FFFD-484A-9717-9357058182AE}.Release|x86.Deploy.0 = Release|x86
		{3B67B3B6-2407-4C54-84D6-BC7689E791BC}.Debug|Any CPU.ActiveCfg = Debug|x86
		{3B67B3B6-2407-4C54-84D6-BC7689E791BC}.Debug|ARM.ActiveCfg = Debug|ARM
		{3B67B3B6-2407-4C54-84D6-BC7689E791BC}.Debug|ARM.Build.0 = Debug|ARM
		{3B67B3B6-2407-4C54-84D6-BC7689E791BC}.Debug|ARM.Deploy.0 = Debug|ARM
		{3B67B3B6-2407-4C54-84D6-BC7689E791BC}.Debug|ARM64.ActiveCfg = Debug|ARM64
		{3B67B3B6-2407-4C54-84D6-BC7689E791BC}.Debug|ARM64.Build.0 = Debug|ARM64
		{3B67B3B6-2407-4C54-84D6-BC7689E791BC}.Debug|ARM64.Deploy.0 = Debug|ARM64
		{3B67B3B6-2407-4C54-84D6-BC7689E791BC}.Debug|x64.ActiveCfg = Debug|x64
		{3B67B3B6-2407-4C54-84D6-BC7689E791BC}.Debug|x64.Build.0 = Debug|x64
		{3B67B3B6-2407-4C54-84D6-BC7689E791BC}.Debug|x64.Deploy.0 = Debug|x64
		{3B67B3B6-2407-4C54-84D6-BC7689E791BC}.Debug|x86.ActiveCfg = Debug|x86
		{3B67B3B6-2407-4C54-84D6-BC7689E791BC}.Debug|x86.Build.0 = Debug|x86
		{3B67B3B6-2407-4C54-84D6-BC7689E791BC}.Debug|x86.Deploy.0 = Debug|x86
		{3B67B3B6-2407-4C54-84D6-BC7689E791BC}.Release|Any CPU.ActiveCfg = Release|x86
		{3B67B3B6-2407-4C54-84D6-BC7689E791BC}.Release|ARM.ActiveCfg = Release|ARM
		{3B67B3B6-2407-4C54-84D6-BC7689E791BC}.Release|ARM.Build.0 = Release|ARM
		{3B67B3B6-2407-4C54-84D6-BC7689E791BC}.Release|ARM.Deploy.0 = Release|ARM
		{3B67B3B6-2407-4C54-84D6-BC7689E791BC}.Release|ARM64.ActiveCfg = Release|ARM64
		{3B67B3B6-2407-4C54-84D6-BC7689E791BC}.Release|ARM64.Build.0 = Release|ARM64
		{3B67B3B6-2407-4C54-84D6-BC7689E791BC}.Release|ARM64.Deploy.0 = Release|ARM64
		{3B67B3B6-2407-4C54-84D6-BC7689E791BC}.Release|x64.ActiveCfg = Release|x64
		{3B67B3B6-2407-4C54-84D6-BC7689E791BC}.Release|x64.Build.0 = Release|x64
		{3B67B3B6-2407-4C54-84D6-BC7689E791BC}.Release|x64.Deploy.0 = Release|x64
		{3B67B3B6-2407-4C54-84D6-BC7689E791BC}.Release|x86.ActiveCfg = Release|x86
		{3B67B3B6-2407-4C54-84D6-BC7689E791BC}.Release|x86.Build.0 = Release|x86
		{3B67B3B6-2407-4C54-84D6-BC7689E791BC}.Release|x86.Deploy.0 = Release|x86
	EndGlobalSection
	GlobalSection(SolutionProperties) = preSolution
		HideSolutionNode = FALSE
	EndGlobalSection
	GlobalSection(ExtensibilityGlobals) = postSolution
		SolutionGuid = {4F026339-2D99-479F-BC5D-6C7036A77C17}
	EndGlobalSection
EndGlobal
