
Microsoft Visual Studio Solution File, Format Version 12.00
# Visual Studio Version 16
VisualStudioVersion = 16.0.30621.155
MinimumVisualStudioVersion = 10.0.40219.1
Project("{FAE04EC0-301F-11D3-BF4B-00C04F79EFBC}") = "filestream", "FileStream\filestream.csproj", "{5FB1898D-4FC1-4397-9FC0-5B0BF9352CCA}"
EndProject
Global
	GlobalSection(SolutionConfigurationPlatforms) = preSolution
		Debug|Any CPU = Debug|Any CPU
		Release|Any CPU = Release|Any CPU
	EndGlobalSection
	GlobalSection(ProjectConfigurationPlatforms) = postSolution
		{5FB1898D-4FC1-4397-9FC0-5B0BF9352CCA}.Debug|Any CPU.ActiveCfg = Debug|Any CPU
		{5FB1898D-4FC1-4397-9FC0-5B0BF9352CCA}.Debug|Any CPU.Build.0 = Debug|Any CPU
		{5FB1898D-4FC1-4397-9FC0-5B0BF9352CCA}.Release|Any CPU.ActiveCfg = Release|Any CPU
		{5FB1898D-4FC1-4397-9FC0-5B0BF9352CCA}.Release|Any CPU.Build.0 = Release|Any CPU
	EndGlobalSection
	GlobalSection(SolutionProperties) = preSolution
		HideSolutionNode = FALSE
	EndGlobalSection
	GlobalSection(ExtensibilityGlobals) = postSolution
		SolutionGuid = {A13AE95D-77FA-4A94-8833-30041AEFD17B}
	EndGlobalSection
EndGlobal
