
Microsoft Visual Studio Solution File, Format Version 12.00
# Visual Studio Version 16
VisualStudioVersion = 16.0.30611.23
MinimumVisualStudioVersion = 10.0.40219.1
Project("{FAE04EC0-301F-11D3-BF4B-00C04F79EFBC}") = "Jubiler_i_zlodziej", "Jubiler_i_zlodziej\Jubiler_i_zlodziej.csproj", "{82E15045-A36A-429D-B369-5295B8EC8666}"
EndProject
Global
	GlobalSection(SolutionConfigurationPlatforms) = preSolution
		Debug|Any CPU = Debug|Any CPU
		Release|Any CPU = Release|Any CPU
	EndGlobalSection
	GlobalSection(ProjectConfigurationPlatforms) = postSolution
		{82E15045-A36A-429D-B369-5295B8EC8666}.Debug|Any CPU.ActiveCfg = Debug|Any CPU
		{82E15045-A36A-429D-B369-5295B8EC8666}.Debug|Any CPU.Build.0 = Debug|Any CPU
		{82E15045-A36A-429D-B369-5295B8EC8666}.Release|Any CPU.ActiveCfg = Release|Any CPU
		{82E15045-A36A-429D-B369-5295B8EC8666}.Release|Any CPU.Build.0 = Release|Any CPU
	EndGlobalSection
	GlobalSection(SolutionProperties) = preSolution
		HideSolutionNode = FALSE
	EndGlobalSection
	GlobalSection(ExtensibilityGlobals) = postSolution
		SolutionGuid = {9AD258D2-EFAF-40CB-99B8-74B0A315BCAA}
	EndGlobalSection
EndGlobal
