
Microsoft Visual Studio Solution File, Format Version 12.00
# Visual Studio Version 16
VisualStudioVersion = 16.0.30611.23
MinimumVisualStudioVersion = 10.0.40219.1
Project("{FAE04EC0-301F-11D3-BF4B-00C04F79EFBC}") = "Klikacz", "Klikacz\Klikacz.csproj", "{F8184D5E-BAA7-49EE-97A7-B54DFED826AA}"
EndProject
Global
	GlobalSection(SolutionConfigurationPlatforms) = preSolution
		Debug|Any CPU = Debug|Any CPU
		Release|Any CPU = Release|Any CPU
	EndGlobalSection
	GlobalSection(ProjectConfigurationPlatforms) = postSolution
		{F8184D5E-BAA7-49EE-97A7-B54DFED826AA}.Debug|Any CPU.ActiveCfg = Debug|Any CPU
		{F8184D5E-BAA7-49EE-97A7-B54DFED826AA}.Debug|Any CPU.Build.0 = Debug|Any CPU
		{F8184D5E-BAA7-49EE-97A7-B54DFED826AA}.Release|Any CPU.ActiveCfg = Release|Any CPU
		{F8184D5E-BAA7-49EE-97A7-B54DFED826AA}.Release|Any CPU.Build.0 = Release|Any CPU
	EndGlobalSection
	GlobalSection(SolutionProperties) = preSolution
		HideSolutionNode = FALSE
	EndGlobalSection
	GlobalSection(ExtensibilityGlobals) = postSolution
		SolutionGuid = {A0C78889-3C81-47F8-B70A-101CA4C7AA55}
	EndGlobalSection
EndGlobal
