
Microsoft Visual Studio Solution File, Format Version 12.00
# Visual Studio Version 16
VisualStudioVersion = 16.0.30621.155
MinimumVisualStudioVersion = 10.0.40219.1
Project("{FAE04EC0-301F-11D3-BF4B-00C04F79EFBC}") = "Talia_Kart", "Talia_Kart\Talia_Kart.csproj", "{B44023E3-E9B4-43D6-9634-02F4EA68B7D0}"
EndProject
Global
	GlobalSection(SolutionConfigurationPlatforms) = preSolution
		Debug|Any CPU = Debug|Any CPU
		Release|Any CPU = Release|Any CPU
	EndGlobalSection
	GlobalSection(ProjectConfigurationPlatforms) = postSolution
		{B44023E3-E9B4-43D6-9634-02F4EA68B7D0}.Debug|Any CPU.ActiveCfg = Debug|Any CPU
		{B44023E3-E9B4-43D6-9634-02F4EA68B7D0}.Debug|Any CPU.Build.0 = Debug|Any CPU
		{B44023E3-E9B4-43D6-9634-02F4EA68B7D0}.Release|Any CPU.ActiveCfg = Release|Any CPU
		{B44023E3-E9B4-43D6-9634-02F4EA68B7D0}.Release|Any CPU.Build.0 = Release|Any CPU
	EndGlobalSection
	GlobalSection(SolutionProperties) = preSolution
		HideSolutionNode = FALSE
	EndGlobalSection
	GlobalSection(ExtensibilityGlobals) = postSolution
		SolutionGuid = {0BB3A015-C8F6-4262-8053-25463A7900F1}
	EndGlobalSection
EndGlobal
