
Microsoft Visual Studio Solution File, Format Version 12.00
# Visual Studio Version 16
VisualStudioVersion = 16.0.30611.23
MinimumVisualStudioVersion = 10.0.40219.1
Project("{FAE04EC0-301F-11D3-BF4B-00C04F79EFBC}") = "ZOO", "ZOO\ZOO.csproj", "{54C299C2-BA6B-4AF6-8178-91BAA31E5E8D}"
EndProject
Global
	GlobalSection(SolutionConfigurationPlatforms) = preSolution
		Debug|Any CPU = Debug|Any CPU
		Release|Any CPU = Release|Any CPU
	EndGlobalSection
	GlobalSection(ProjectConfigurationPlatforms) = postSolution
		{54C299C2-BA6B-4AF6-8178-91BAA31E5E8D}.Debug|Any CPU.ActiveCfg = Debug|Any CPU
		{54C299C2-BA6B-4AF6-8178-91BAA31E5E8D}.Debug|Any CPU.Build.0 = Debug|Any CPU
		{54C299C2-BA6B-4AF6-8178-91BAA31E5E8D}.Release|Any CPU.ActiveCfg = Release|Any CPU
		{54C299C2-BA6B-4AF6-8178-91BAA31E5E8D}.Release|Any CPU.Build.0 = Release|Any CPU
	EndGlobalSection
	GlobalSection(SolutionProperties) = preSolution
		HideSolutionNode = FALSE
	EndGlobalSection
	GlobalSection(ExtensibilityGlobals) = postSolution
		SolutionGuid = {C1DEE6E3-9BBA-4ECE-B205-B9E64FC1AC34}
	EndGlobalSection
EndGlobal
