
Microsoft Visual Studio Solution File, Format Version 12.00
# Visual Studio Version 16
VisualStudioVersion = 16.0.30611.23
MinimumVisualStudioVersion = 10.0.40219.1
Project("{FAE04EC0-301F-11D3-BF4B-00C04F79EFBC}") = "Popup_i_zakotwiczenie_WFApp", "Popup_i_zakotwiczenie_WFApp\Popup_i_zakotwiczenie_WFApp.csproj", "{C55BE5A6-289B-44E3-9BDE-B86356D182F3}"
EndProject
Global
	GlobalSection(SolutionConfigurationPlatforms) = preSolution
		Debug|Any CPU = Debug|Any CPU
		Release|Any CPU = Release|Any CPU
	EndGlobalSection
	GlobalSection(ProjectConfigurationPlatforms) = postSolution
		{C55BE5A6-289B-44E3-9BDE-B86356D182F3}.Debug|Any CPU.ActiveCfg = Debug|Any CPU
		{C55BE5A6-289B-44E3-9BDE-B86356D182F3}.Debug|Any CPU.Build.0 = Debug|Any CPU
		{C55BE5A6-289B-44E3-9BDE-B86356D182F3}.Release|Any CPU.ActiveCfg = Release|Any CPU
		{C55BE5A6-289B-44E3-9BDE-B86356D182F3}.Release|Any CPU.Build.0 = Release|Any CPU
	EndGlobalSection
	GlobalSection(SolutionProperties) = preSolution
		HideSolutionNode = FALSE
	EndGlobalSection
	GlobalSection(ExtensibilityGlobals) = postSolution
		SolutionGuid = {DB56D662-5EC7-4085-A054-B22A87643C05}
	EndGlobalSection
EndGlobal
