
Microsoft Visual Studio Solution File, Format Version 12.00
# Visual Studio Version 16
VisualStudioVersion = 16.0.30611.23
MinimumVisualStudioVersion = 10.0.40219.1
Project("{FAE04EC0-301F-11D3-BF4B-00C04F79EFBC}") = "Planowanie_przyjęcia", "Planowanie_przyjęcia\Planowanie_przyjęcia.csproj", "{8C433A54-1739-44D2-A502-10178FA12C4C}"
EndProject
Global
	GlobalSection(SolutionConfigurationPlatforms) = preSolution
		Debug|Any CPU = Debug|Any CPU
		Release|Any CPU = Release|Any CPU
	EndGlobalSection
	GlobalSection(ProjectConfigurationPlatforms) = postSolution
		{8C433A54-1739-44D2-A502-10178FA12C4C}.Debug|Any CPU.ActiveCfg = Debug|Any CPU
		{8C433A54-1739-44D2-A502-10178FA12C4C}.Debug|Any CPU.Build.0 = Debug|Any CPU
		{8C433A54-1739-44D2-A502-10178FA12C4C}.Release|Any CPU.ActiveCfg = Release|Any CPU
		{8C433A54-1739-44D2-A502-10178FA12C4C}.Release|Any CPU.Build.0 = Release|Any CPU
	EndGlobalSection
	GlobalSection(SolutionProperties) = preSolution
		HideSolutionNode = FALSE
	EndGlobalSection
	GlobalSection(ExtensibilityGlobals) = postSolution
		SolutionGuid = {98AC622D-C0FD-449D-A2C1-DB3C05CBCEC3}
	EndGlobalSection
EndGlobal
