
Microsoft Visual Studio Solution File, Format Version 12.00
# Visual Studio Version 16
VisualStudioVersion = 16.0.30621.155
MinimumVisualStudioVersion = 10.0.40219.1
Project("{FAE04EC0-301F-11D3-BF4B-00C04F79EFBC}") = "Cyrk_Interfacy", "Cyrk_Interfacy\Cyrk_Interfacy.csproj", "{74768277-3EEC-4A02-B7BA-9757D87228CF}"
EndProject
Global
	GlobalSection(SolutionConfigurationPlatforms) = preSolution
		Debug|Any CPU = Debug|Any CPU
		Release|Any CPU = Release|Any CPU
	EndGlobalSection
	GlobalSection(ProjectConfigurationPlatforms) = postSolution
		{74768277-3EEC-4A02-B7BA-9757D87228CF}.Debug|Any CPU.ActiveCfg = Debug|Any CPU
		{74768277-3EEC-4A02-B7BA-9757D87228CF}.Debug|Any CPU.Build.0 = Debug|Any CPU
		{74768277-3EEC-4A02-B7BA-9757D87228CF}.Release|Any CPU.ActiveCfg = Release|Any CPU
		{74768277-3EEC-4A02-B7BA-9757D87228CF}.Release|Any CPU.Build.0 = Release|Any CPU
	EndGlobalSection
	GlobalSection(SolutionProperties) = preSolution
		HideSolutionNode = FALSE
	EndGlobalSection
	GlobalSection(ExtensibilityGlobals) = postSolution
		SolutionGuid = {41FBCD47-4ABF-4D4A-B88E-9310B70E2DDA}
	EndGlobalSection
EndGlobal
