
Microsoft Visual Studio Solution File, Format Version 12.00
# Visual Studio Version 16
VisualStudioVersion = 16.0.30621.155
MinimumVisualStudioVersion = 10.0.40219.1
Project("{FAE04EC0-301F-11D3-BF4B-00C04F79EFBC}") = "Interfejsy_UL", "Interfejsy_UL\Interfejsy_UL.csproj", "{33877882-E6FD-4224-AAB3-F12F31AFE42E}"
EndProject
Global
	GlobalSection(SolutionConfigurationPlatforms) = preSolution
		Debug|Any CPU = Debug|Any CPU
		Release|Any CPU = Release|Any CPU
	EndGlobalSection
	GlobalSection(ProjectConfigurationPlatforms) = postSolution
		{33877882-E6FD-4224-AAB3-F12F31AFE42E}.Debug|Any CPU.ActiveCfg = Debug|Any CPU
		{33877882-E6FD-4224-AAB3-F12F31AFE42E}.Debug|Any CPU.Build.0 = Debug|Any CPU
		{33877882-E6FD-4224-AAB3-F12F31AFE42E}.Release|Any CPU.ActiveCfg = Release|Any CPU
		{33877882-E6FD-4224-AAB3-F12F31AFE42E}.Release|Any CPU.Build.0 = Release|Any CPU
	EndGlobalSection
	GlobalSection(SolutionProperties) = preSolution
		HideSolutionNode = FALSE
	EndGlobalSection
	GlobalSection(ExtensibilityGlobals) = postSolution
		SolutionGuid = {DA332F86-3CDF-4B17-803E-2C54EA185BE2}
	EndGlobalSection
EndGlobal
